// !$*UTF8*$!
{
	archiveVersion = 1;
	classes = {
	};
	objectVersion = 46;
	objects = {

/* Begin PBXBuildFile section */
		B72B39D11921B5AF001F323C /* SideViewController.m in Sources */ = {isa = PBXBuildFile; fileRef = B72B39CF1921B5AF001F323C /* SideViewController.m */; };
		B72B39D21921B5AF001F323C /* SideViewController.xib in Resources */ = {isa = PBXBuildFile; fileRef = B72B39D01921B5AF001F323C /* SideViewController.xib */; };
		B73E40581924E68000408A82 /* my_request.png in Resources */ = {isa = PBXBuildFile; fileRef = B73E40541924E68000408A82 /* my_request.png */; };
		B73E40591924E68000408A82 /* my_request@2x.png in Resources */ = {isa = PBXBuildFile; fileRef = B73E40551924E68000408A82 /* my_request@2x.png */; };
		B73E405A1924E68000408A82 /* open_trips.png in Resources */ = {isa = PBXBuildFile; fileRef = B73E40561924E68000408A82 /* open_trips.png */; };
		B73E405B1924E68000408A82 /* open_trips@2x.png in Resources */ = {isa = PBXBuildFile; fileRef = B73E40571924E68000408A82 /* open_trips@2x.png */; };
		B73E40601924EE7A00408A82 /* section_header_base.png in Resources */ = {isa = PBXBuildFile; fileRef = B73E405C1924EE7A00408A82 /* section_header_base.png */; };
		B73E40611924EE7A00408A82 /* section_header_base@2x.png in Resources */ = {isa = PBXBuildFile; fileRef = B73E405D1924EE7A00408A82 /* section_header_base@2x.png */; };
		B73E40621924EE7A00408A82 /* edit_icon.png in Resources */ = {isa = PBXBuildFile; fileRef = B73E405E1924EE7A00408A82 /* edit_icon.png */; };
		B73E40631924EE7A00408A82 /* edit_icon@2x.png in Resources */ = {isa = PBXBuildFile; fileRef = B73E405F1924EE7A00408A82 /* edit_icon@2x.png */; };
		B73E406519258AFC00408A82 /* headerLogo.png in Resources */ = {isa = PBXBuildFile; fileRef = B73E406419258AFC00408A82 /* headerLogo.png */; };
		B73E406819258FBF00408A82 /* customerU.png in Resources */ = {isa = PBXBuildFile; fileRef = B73E406619258FBF00408A82 /* customerU.png */; };
		B73E406919258FBF00408A82 /* driverU.png in Resources */ = {isa = PBXBuildFile; fileRef = B73E406719258FBF00408A82 /* driverU.png */; };
		B73E406E192594FE00408A82 /* power.png in Resources */ = {isa = PBXBuildFile; fileRef = B73E406A192594FE00408A82 /* power.png */; };
		B73E406F192594FE00408A82 /* map.png in Resources */ = {isa = PBXBuildFile; fileRef = B73E406B192594FE00408A82 /* map.png */; };
		B73E4070192594FE00408A82 /* basket.png in Resources */ = {isa = PBXBuildFile; fileRef = B73E406C192594FE00408A82 /* basket.png */; };
		B73E4071192594FE00408A82 /* man.png in Resources */ = {isa = PBXBuildFile; fileRef = B73E406D192594FE00408A82 /* man.png */; };
		B73E40731925B40700408A82 /* Back.png in Resources */ = {isa = PBXBuildFile; fileRef = B73E40721925B40700408A82 /* Back.png */; };
		B7402D321920727200A09856 /* MapKit.framework in Frameworks */ = {isa = PBXBuildFile; fileRef = B7402D311920727200A09856 /* MapKit.framework */; };
		B78FCDDD191E28780026A8F2 /* View.xib in Resources */ = {isa = PBXBuildFile; fileRef = B78FCDDC191E28780026A8F2 /* View.xib */; };
		B78FCDE1191F8EEB0026A8F2 /* NewRequestViewController.m in Sources */ = {isa = PBXBuildFile; fileRef = B78FCDDF191F8EEB0026A8F2 /* NewRequestViewController.m */; };
		B78FCDE2191F8EEB0026A8F2 /* NewRequestViewController.xib in Resources */ = {isa = PBXBuildFile; fileRef = B78FCDE0191F8EEB0026A8F2 /* NewRequestViewController.xib */; };
		B78FCDE7191FDDF80026A8F2 /* HomeViewController.m in Sources */ = {isa = PBXBuildFile; fileRef = B78FCDE5191FDDF70026A8F2 /* HomeViewController.m */; };
		B78FCDE8191FDDF80026A8F2 /* HomeViewController.xib in Resources */ = {isa = PBXBuildFile; fileRef = B78FCDE6191FDDF70026A8F2 /* HomeViewController.xib */; };
		B78FCDED191FF9680026A8F2 /* OpenRequestViewController.m in Sources */ = {isa = PBXBuildFile; fileRef = B78FCDEB191FF9680026A8F2 /* OpenRequestViewController.m */; };
		B78FCDEE191FF9680026A8F2 /* OpenRequestViewController.xib in Resources */ = {isa = PBXBuildFile; fileRef = B78FCDEC191FF9680026A8F2 /* OpenRequestViewController.xib */; };
		B78FCDF2191FF9730026A8F2 /* MyRequestViewController.m in Sources */ = {isa = PBXBuildFile; fileRef = B78FCDF0191FF9730026A8F2 /* MyRequestViewController.m */; };
		B78FCDF3191FF9730026A8F2 /* MyRequestViewController.xib in Resources */ = {isa = PBXBuildFile; fileRef = B78FCDF1191FF9730026A8F2 /* MyRequestViewController.xib */; };
		B78FCDF7191FF9880026A8F2 /* OpenTripViewController.m in Sources */ = {isa = PBXBuildFile; fileRef = B78FCDF5191FF9880026A8F2 /* OpenTripViewController.m */; };
		B78FCDF8191FF9880026A8F2 /* OpenTripViewController.xib in Resources */ = {isa = PBXBuildFile; fileRef = B78FCDF6191FF9880026A8F2 /* OpenTripViewController.xib */; };
		B78FCDFC191FF9910026A8F2 /* MapViewController.m in Sources */ = {isa = PBXBuildFile; fileRef = B78FCDFA191FF9910026A8F2 /* MapViewController.m */; };
		B78FCDFD191FF9910026A8F2 /* MapViewController.xib in Resources */ = {isa = PBXBuildFile; fileRef = B78FCDFB191FF9910026A8F2 /* MapViewController.xib */; };
		B78FCE01191FF99A0026A8F2 /* ProfileViewController.m in Sources */ = {isa = PBXBuildFile; fileRef = B78FCDFF191FF99A0026A8F2 /* ProfileViewController.m */; };
		B78FCE02191FF99A0026A8F2 /* ProfileViewController.xib in Resources */ = {isa = PBXBuildFile; fileRef = B78FCE00191FF99A0026A8F2 /* ProfileViewController.xib */; };
		B78FCE0B192007CE0026A8F2 /* Cell.m in Sources */ = {isa = PBXBuildFile; fileRef = B78FCE0A192007CE0026A8F2 /* Cell.m */; };
		B78FCE0E19200E3E0026A8F2 /* PPRevealSideViewController.m in Sources */ = {isa = PBXBuildFile; fileRef = B78FCE0D19200E3E0026A8F2 /* PPRevealSideViewController.m */; };
		B78FCE1319200E9E0026A8F2 /* BaseViewController.m in Sources */ = {isa = PBXBuildFile; fileRef = B78FCE1119200E9E0026A8F2 /* BaseViewController.m */; };
		B78FCE1419200E9E0026A8F2 /* BaseViewController.xib in Resources */ = {isa = PBXBuildFile; fileRef = B78FCE1219200E9E0026A8F2 /* BaseViewController.xib */; };
		B7D2AB29191E136F00DC569F /* Foundation.framework in Frameworks */ = {isa = PBXBuildFile; fileRef = B7D2AB28191E136F00DC569F /* Foundation.framework */; };
		B7D2AB2B191E136F00DC569F /* CoreGraphics.framework in Frameworks */ = {isa = PBXBuildFile; fileRef = B7D2AB2A191E136F00DC569F /* CoreGraphics.framework */; };
		B7D2AB2D191E136F00DC569F /* UIKit.framework in Frameworks */ = {isa = PBXBuildFile; fileRef = B7D2AB2C191E136F00DC569F /* UIKit.framework */; };
		B7D2AB33191E136F00DC569F /* InfoPlist.strings in Resources */ = {isa = PBXBuildFile; fileRef = B7D2AB31191E136F00DC569F /* InfoPlist.strings */; };
		B7D2AB35191E136F00DC569F /* main.m in Sources */ = {isa = PBXBuildFile; fileRef = B7D2AB34191E136F00DC569F /* main.m */; };
		B7D2AB39191E136F00DC569F /* AppDelegate.m in Sources */ = {isa = PBXBuildFile; fileRef = B7D2AB38191E136F00DC569F /* AppDelegate.m */; };
		B7D2AB3B191E136F00DC569F /* Images.xcassets in Resources */ = {isa = PBXBuildFile; fileRef = B7D2AB3A191E136F00DC569F /* Images.xcassets */; };
		B7D2AB42191E136F00DC569F /* XCTest.framework in Frameworks */ = {isa = PBXBuildFile; fileRef = B7D2AB41191E136F00DC569F /* XCTest.framework */; };
		B7D2AB43191E136F00DC569F /* Foundation.framework in Frameworks */ = {isa = PBXBuildFile; fileRef = B7D2AB28191E136F00DC569F /* Foundation.framework */; };
		B7D2AB44191E136F00DC569F /* UIKit.framework in Frameworks */ = {isa = PBXBuildFile; fileRef = B7D2AB2C191E136F00DC569F /* UIKit.framework */; };
		B7D2AB4C191E136F00DC569F /* InfoPlist.strings in Resources */ = {isa = PBXBuildFile; fileRef = B7D2AB4A191E136F00DC569F /* InfoPlist.strings */; };
		B7D2AB4E191E136F00DC569F /* i9entregasTests.m in Sources */ = {isa = PBXBuildFile; fileRef = B7D2AB4D191E136F00DC569F /* i9entregasTests.m */; };
		B7D2AB5D191E13C900DC569F /* LoginViewController.m in Sources */ = {isa = PBXBuildFile; fileRef = B7D2AB58191E13C900DC569F /* LoginViewController.m */; };
		B7D2AB5E191E13C900DC569F /* LoginViewController.xib in Resources */ = {isa = PBXBuildFile; fileRef = B7D2AB59191E13C900DC569F /* LoginViewController.xib */; };
		B7D2AB5F191E13C900DC569F /* SignUpViewController.m in Sources */ = {isa = PBXBuildFile; fileRef = B7D2AB5B191E13C900DC569F /* SignUpViewController.m */; };
		B7D2AB60191E13C900DC569F /* SignUpViewController.xib in Resources */ = {isa = PBXBuildFile; fileRef = B7D2AB5C191E13C900DC569F /* SignUpViewController.xib */; };
		B7D2AB77191E13FB00DC569F /* IQKeyboardManager.m in Sources */ = {isa = PBXBuildFile; fileRef = B7D2AB63191E13FB00DC569F /* IQKeyboardManager.m */; };
		B7D2AB78191E13FB00DC569F /* IQUIView+IQKeyboardToolbar.m in Sources */ = {isa = PBXBuildFile; fileRef = B7D2AB65191E13FB00DC569F /* IQUIView+IQKeyboardToolbar.m */; };
		B7D2AB79191E13FC00DC569F /* IQToolbar.m in Sources */ = {isa = PBXBuildFile; fileRef = B7D2AB68191E13FB00DC569F /* IQToolbar.m */; };
		B7D2AB7A191E13FC00DC569F /* IQTextView.m in Sources */ = {isa = PBXBuildFile; fileRef = B7D2AB6A191E13FB00DC569F /* IQTextView.m */; };
		B7D2AB7B191E13FC00DC569F /* IQTitleBarButtonItem.m in Sources */ = {isa = PBXBuildFile; fileRef = B7D2AB6C191E13FB00DC569F /* IQTitleBarButtonItem.m */; };
		B7D2AB7C191E13FC00DC569F /* IQSegmentedNextPrevious.m in Sources */ = {isa = PBXBuildFile; fileRef = B7D2AB6E191E13FB00DC569F /* IQSegmentedNextPrevious.m */; };
		B7D2AB7D191E13FC00DC569F /* IQUIView+Hierarchy.m in Sources */ = {isa = PBXBuildFile; fileRef = B7D2AB71191E13FB00DC569F /* IQUIView+Hierarchy.m */; };
		B7D2AB7E191E13FC00DC569F /* IQUIWindow+Hierarchy.m in Sources */ = {isa = PBXBuildFile; fileRef = B7D2AB73191E13FB00DC569F /* IQUIWindow+Hierarchy.m */; };
		B7D2AB7F191E13FC00DC569F /* IQNSArray+Sort.m in Sources */ = {isa = PBXBuildFile; fileRef = B7D2AB75191E13FB00DC569F /* IQNSArray+Sort.m */; };
		B7D2AB81191E141200DC569F /* IQKeyboardManager.bundle in Resources */ = {isa = PBXBuildFile; fileRef = B7D2AB80191E141200DC569F /* IQKeyboardManager.bundle */; };
		B7D2AB84191E141C00DC569F /* MBProgressHUD.m in Sources */ = {isa = PBXBuildFile; fileRef = B7D2AB83191E141C00DC569F /* MBProgressHUD.m */; };
		B7D2AB9D191E144200DC569F /* Reachability.m in Sources */ = {isa = PBXBuildFile; fileRef = B7D2AB88191E144200DC569F /* Reachability.m */; settings = {COMPILER_FLAGS = "-fno-objc-arc"; }; };
		B7D2AB9E191E144200DC569F /* ASIAuthenticationDialog.m in Sources */ = {isa = PBXBuildFile; fileRef = B7D2AB8A191E144200DC569F /* ASIAuthenticationDialog.m */; settings = {COMPILER_FLAGS = "-fno-objc-arc"; }; };
		B7D2AB9F191E144200DC569F /* ASIDataCompressor.m in Sources */ = {isa = PBXBuildFile; fileRef = B7D2AB8D191E144200DC569F /* ASIDataCompressor.m */; settings = {COMPILER_FLAGS = "-fno-objc-arc"; }; };
		B7D2ABA0191E144200DC569F /* ASIDataDecompressor.m in Sources */ = {isa = PBXBuildFile; fileRef = B7D2AB8F191E144200DC569F /* ASIDataDecompressor.m */; settings = {COMPILER_FLAGS = "-fno-objc-arc"; }; };
		B7D2ABA1191E144200DC569F /* ASIDownloadCache.m in Sources */ = {isa = PBXBuildFile; fileRef = B7D2AB91191E144200DC569F /* ASIDownloadCache.m */; settings = {COMPILER_FLAGS = "-fno-objc-arc"; }; };
		B7D2ABA2191E144200DC569F /* ASIFormDataRequest.m in Sources */ = {isa = PBXBuildFile; fileRef = B7D2AB93191E144200DC569F /* ASIFormDataRequest.m */; settings = {COMPILER_FLAGS = "-fno-objc-arc"; }; };
		B7D2ABA3191E144200DC569F /* ASIHTTPRequest.m in Sources */ = {isa = PBXBuildFile; fileRef = B7D2AB95191E144200DC569F /* ASIHTTPRequest.m */; settings = {COMPILER_FLAGS = "-fno-objc-arc"; }; };
		B7D2ABA4191E144200DC569F /* ASIInputStream.m in Sources */ = {isa = PBXBuildFile; fileRef = B7D2AB99191E144200DC569F /* ASIInputStream.m */; settings = {COMPILER_FLAGS = "-fno-objc-arc"; }; };
		B7D2ABA5191E144200DC569F /* ASINetworkQueue.m in Sources */ = {isa = PBXBuildFile; fileRef = B7D2AB9B191E144200DC569F /* ASINetworkQueue.m */; settings = {COMPILER_FLAGS = "-fno-objc-arc"; }; };
		B7D2ABF5191E145E00DC569F /* devider.png in Resources */ = {isa = PBXBuildFile; fileRef = B7D2ABA7191E145E00DC569F /* devider.png */; };
		B7D2ABF6191E145E00DC569F /* devider@2x.png in Resources */ = {isa = PBXBuildFile; fileRef = B7D2ABA8191E145E00DC569F /* devider@2x.png */; };
		B7D2ABF7191E145E00DC569F /* submit_btn.png in Resources */ = {isa = PBXBuildFile; fileRef = B7D2ABA9191E145E00DC569F /* submit_btn.png */; };
		B7D2ABF8191E145E00DC569F /* submit_btn@2x.png in Resources */ = {isa = PBXBuildFile; fileRef = B7D2ABAA191E145E00DC569F /* submit_btn@2x.png */; };
		B7D2ABF9191E145E00DC569F /* submit__main_btn.png in Resources */ = {isa = PBXBuildFile; fileRef = B7D2ABAB191E145E00DC569F /* submit__main_btn.png */; };
		B7D2ABFA191E145E00DC569F /* submit__main_btn@2x.png in Resources */ = {isa = PBXBuildFile; fileRef = B7D2ABAC191E145E00DC569F /* submit__main_btn@2x.png */; };
		B7D2ABFB191E145E00DC569F /* submit_text_field.png in Resources */ = {isa = PBXBuildFile; fileRef = B7D2ABAD191E145E00DC569F /* submit_text_field.png */; };
		B7D2ABFC191E145E00DC569F /* submit_text_field@2x.png in Resources */ = {isa = PBXBuildFile; fileRef = B7D2ABAE191E145E00DC569F /* submit_text_field@2x.png */; };
		B7D2ABFD191E145E00DC569F /* menu_down_small.png in Resources */ = {isa = PBXBuildFile; fileRef = B7D2ABAF191E145E00DC569F /* menu_down_small.png */; };
		B7D2ABFE191E145E00DC569F /* menu_down_small@2x.png in Resources */ = {isa = PBXBuildFile; fileRef = B7D2ABB0191E145E00DC569F /* menu_down_small@2x.png */; };
		B7D2ABFF191E145E00DC569F /* down_arrow.png in Resources */ = {isa = PBXBuildFile; fileRef = B7D2ABB1191E145E00DC569F /* down_arrow.png */; };
		B7D2AC00191E145E00DC569F /* down_arrow@2x.png in Resources */ = {isa = PBXBuildFile; fileRef = B7D2ABB2191E145E00DC569F /* down_arrow@2x.png */; };
		B7D2AC01191E145E00DC569F /* return_box.png in Resources */ = {isa = PBXBuildFile; fileRef = B7D2ABB3191E145E00DC569F /* return_box.png */; };
		B7D2AC02191E145E00DC569F /* return_box@2x.png in Resources */ = {isa = PBXBuildFile; fileRef = B7D2ABB4191E145E00DC569F /* return_box@2x.png */; };
		B7D2AC03191E145E00DC569F /* un_check.png in Resources */ = {isa = PBXBuildFile; fileRef = B7D2ABB5191E145E00DC569F /* un_check.png */; };
		B7D2AC04191E145E00DC569F /* un_check@2x.png in Resources */ = {isa = PBXBuildFile; fileRef = B7D2ABB6191E145E00DC569F /* un_check@2x.png */; };
		B7D2AC05191E145E00DC569F /* check.png in Resources */ = {isa = PBXBuildFile; fileRef = B7D2ABB7191E145E00DC569F /* check.png */; };
		B7D2AC06191E145E00DC569F /* check@2x.png in Resources */ = {isa = PBXBuildFile; fileRef = B7D2ABB8191E145E00DC569F /* check@2x.png */; };
		B7D2AC07191E145E00DC569F /* arrow_more.png in Resources */ = {isa = PBXBuildFile; fileRef = B7D2ABB9191E145E00DC569F /* arrow_more.png */; };
		B7D2AC08191E145E00DC569F /* arrow_more@2x.png in Resources */ = {isa = PBXBuildFile; fileRef = B7D2ABBA191E145E00DC569F /* arrow_more@2x.png */; };
		B7D2AC09191E145E00DC569F /* side_menu.png in Resources */ = {isa = PBXBuildFile; fileRef = B7D2ABBB191E145E00DC569F /* side_menu.png */; };
		B7D2AC0A191E145E00DC569F /* side_menu@2x.png in Resources */ = {isa = PBXBuildFile; fileRef = B7D2ABBC191E145E00DC569F /* side_menu@2x.png */; };
		B7D2AC0B191E145E00DC569F /* search_field.png in Resources */ = {isa = PBXBuildFile; fileRef = B7D2ABBD191E145E00DC569F /* search_field.png */; };
		B7D2AC0C191E145E00DC569F /* search_field@2x.png in Resources */ = {isa = PBXBuildFile; fileRef = B7D2ABBE191E145E00DC569F /* search_field@2x.png */; };
		B7D2AC0D191E145E00DC569F /* search_base.png in Resources */ = {isa = PBXBuildFile; fileRef = B7D2ABBF191E145E00DC569F /* search_base.png */; };
		B7D2AC0E191E145E00DC569F /* search_base@2x.png in Resources */ = {isa = PBXBuildFile; fileRef = B7D2ABC0191E145E00DC569F /* search_base@2x.png */; };
		B7D2AC0F191E145E00DC569F /* search_icon.png in Resources */ = {isa = PBXBuildFile; fileRef = B7D2ABC1191E145E00DC569F /* search_icon.png */; };
		B7D2AC10191E145E00DC569F /* search_icon@2x.png in Resources */ = {isa = PBXBuildFile; fileRef = B7D2ABC2191E145E00DC569F /* search_icon@2x.png */; };
		B7D2AC11191E145E00DC569F /* Default.png in Resources */ = {isa = PBXBuildFile; fileRef = B7D2ABC3191E145E00DC569F /* Default.png */; };
		B7D2AC12191E145E00DC569F /* Default@2x.png in Resources */ = {isa = PBXBuildFile; fileRef = B7D2ABC4191E145E00DC569F /* Default@2x.png */; };
		B7D2AC13191E145E00DC569F /* add_icon.png in Resources */ = {isa = PBXBuildFile; fileRef = B7D2ABC5191E145E00DC569F /* add_icon.png */; };
		B7D2AC14191E145E00DC569F /* add_icon@2x.png in Resources */ = {isa = PBXBuildFile; fileRef = B7D2ABC6191E145E00DC569F /* add_icon@2x.png */; };
		B7D2AC15191E145E00DC569F /* back_btn_arrow.png in Resources */ = {isa = PBXBuildFile; fileRef = B7D2ABC7191E145E00DC569F /* back_btn_arrow.png */; };
		B7D2AC16191E145E00DC569F /* back_btn_arrow@2x.png in Resources */ = {isa = PBXBuildFile; fileRef = B7D2ABC8191E145E00DC569F /* back_btn_arrow@2x.png */; };
		B7D2AC17191E145E00DC569F /* menu_seader.png in Resources */ = {isa = PBXBuildFile; fileRef = B7D2ABC9191E145E00DC569F /* menu_seader.png */; };
		B7D2AC18191E145E00DC569F /* menu_seader@2x.png in Resources */ = {isa = PBXBuildFile; fileRef = B7D2ABCA191E145E00DC569F /* menu_seader@2x.png */; };
		B7D2AC19191E145E00DC569F /* logo.png in Resources */ = {isa = PBXBuildFile; fileRef = B7D2ABCB191E145E00DC569F /* logo.png */; };
		B7D2AC1A191E145E00DC569F /* logo@2x.png in Resources */ = {isa = PBXBuildFile; fileRef = B7D2ABCC191E145E00DC569F /* logo@2x.png */; };
		B7D2AC1B191E145E00DC569F /* my_trips.png in Resources */ = {isa = PBXBuildFile; fileRef = B7D2ABCD191E145E00DC569F /* my_trips.png */; };
		B7D2AC1C191E145E00DC569F /* my_trips@2x.png in Resources */ = {isa = PBXBuildFile; fileRef = B7D2ABCE191E145E00DC569F /* my_trips@2x.png */; };
		B7D2AC1D191E145E00DC569F /* log_out.png in Resources */ = {isa = PBXBuildFile; fileRef = B7D2ABCF191E145E00DC569F /* log_out.png */; };
		B7D2AC1E191E145E00DC569F /* log_out@2x.png in Resources */ = {isa = PBXBuildFile; fileRef = B7D2ABD0191E145E00DC569F /* log_out@2x.png */; };
		B7D2AC1F191E145E00DC569F /* settings.png in Resources */ = {isa = PBXBuildFile; fileRef = B7D2ABD1191E145E00DC569F /* settings.png */; };
		B7D2AC20191E145E00DC569F /* settings@2x.png in Resources */ = {isa = PBXBuildFile; fileRef = B7D2ABD2191E145E00DC569F /* settings@2x.png */; };
		B7D2AC21191E145E00DC569F /* profile.png in Resources */ = {isa = PBXBuildFile; fileRef = B7D2ABD3191E145E00DC569F /* profile.png */; };
		B7D2AC22191E145E00DC569F /* profile@2x.png in Resources */ = {isa = PBXBuildFile; fileRef = B7D2ABD4191E145E00DC569F /* profile@2x.png */; };
		B7D2AC23191E145E00DC569F /* maps.png in Resources */ = {isa = PBXBuildFile; fileRef = B7D2ABD5191E145E00DC569F /* maps.png */; };
		B7D2AC24191E145E00DC569F /* maps@2x.png in Resources */ = {isa = PBXBuildFile; fileRef = B7D2ABD6191E145E00DC569F /* maps@2x.png */; };
		B7D2AC25191E145E00DC569F /* open_request.png in Resources */ = {isa = PBXBuildFile; fileRef = B7D2ABD7191E145E00DC569F /* open_request.png */; };
		B7D2AC26191E145E00DC569F /* open_request@2x.png in Resources */ = {isa = PBXBuildFile; fileRef = B7D2ABD8191E145E00DC569F /* open_request@2x.png */; };
		B7D2AC27191E145E00DC569F /* or.png in Resources */ = {isa = PBXBuildFile; fileRef = B7D2ABD9191E145E00DC569F /* or.png */; };
		B7D2AC28191E145E00DC569F /* or@2x.png in Resources */ = {isa = PBXBuildFile; fileRef = B7D2ABDA191E145E00DC569F /* or@2x.png */; };
		B7D2AC29191E145E00DC569F /* sign_up_btn.png in Resources */ = {isa = PBXBuildFile; fileRef = B7D2ABDB191E145E00DC569F /* sign_up_btn.png */; };
		B7D2AC2A191E145E00DC569F /* sign_up_btn@2x.png in Resources */ = {isa = PBXBuildFile; fileRef = B7D2ABDC191E145E00DC569F /* sign_up_btn@2x.png */; };
		B7D2AC2B191E145E00DC569F /* lets_go_btn.png in Resources */ = {isa = PBXBuildFile; fileRef = B7D2ABDD191E145E00DC569F /* lets_go_btn.png */; };
		B7D2AC2C191E145E00DC569F /* lets_go_btn@2x.png in Resources */ = {isa = PBXBuildFile; fileRef = B7D2ABDE191E145E00DC569F /* lets_go_btn@2x.png */; };
		B7D2AC2D191E145E00DC569F /* text_box.png in Resources */ = {isa = PBXBuildFile; fileRef = B7D2ABDF191E145E00DC569F /* text_box.png */; };
		B7D2AC2E191E145E00DC569F /* text_box@2x.png in Resources */ = {isa = PBXBuildFile; fileRef = B7D2ABE0191E145E00DC569F /* text_box@2x.png */; };
		B7D2AC2F191E145E00DC569F /* driver_set.png in Resources */ = {isa = PBXBuildFile; fileRef = B7D2ABE1191E145E00DC569F /* driver_set.png */; };
		B7D2AC30191E145E00DC569F /* driver_set@2x.png in Resources */ = {isa = PBXBuildFile; fileRef = B7D2ABE2191E145E00DC569F /* driver_set@2x.png */; };
		B7D2AC31191E145E00DC569F /* customer.png in Resources */ = {isa = PBXBuildFile; fileRef = B7D2ABE3191E145E00DC569F /* customer.png */; };
		B7D2AC32191E145E00DC569F /* customer@2x.png in Resources */ = {isa = PBXBuildFile; fileRef = B7D2ABE4191E145E00DC569F /* customer@2x.png */; };
		B7D2AC33191E145E00DC569F /* driver.png in Resources */ = {isa = PBXBuildFile; fileRef = B7D2ABE5191E145E00DC569F /* driver.png */; };
		B7D2AC34191E145E00DC569F /* driver@2x.png in Resources */ = {isa = PBXBuildFile; fileRef = B7D2ABE6191E145E00DC569F /* driver@2x.png */; };
		B7D2AC35191E145E00DC569F /* customer_set.png in Resources */ = {isa = PBXBuildFile; fileRef = B7D2ABE7191E145E00DC569F /* customer_set.png */; };
		B7D2AC36191E145E00DC569F /* customer_set@2x.png in Resources */ = {isa = PBXBuildFile; fileRef = B7D2ABE8191E145E00DC569F /* customer_set@2x.png */; };
		B7D2AC37191E145E00DC569F /* save_btn.png in Resources */ = {isa = PBXBuildFile; fileRef = B7D2ABE9191E145E00DC569F /* save_btn.png */; };
		B7D2AC38191E145E00DC569F /* save_btn@2x.png in Resources */ = {isa = PBXBuildFile; fileRef = B7D2ABEA191E145E00DC569F /* save_btn@2x.png */; };
		B7D2AC39191E145E00DC569F /* clear_btn.png in Resources */ = {isa = PBXBuildFile; fileRef = B7D2ABEB191E145E00DC569F /* clear_btn.png */; };
		B7D2AC3A191E145E00DC569F /* clear_btn@2x.png in Resources */ = {isa = PBXBuildFile; fileRef = B7D2ABEC191E145E00DC569F /* clear_btn@2x.png */; };
		B7D2AC3B191E145E00DC569F /* length.png in Resources */ = {isa = PBXBuildFile; fileRef = B7D2ABED191E145E00DC569F /* length.png */; };
		B7D2AC3C191E145E00DC569F /* length@2x.png in Resources */ = {isa = PBXBuildFile; fileRef = B7D2ABEE191E145E00DC569F /* length@2x.png */; };
		B7D2AC3D191E145E00DC569F /* time_icon.png in Resources */ = {isa = PBXBuildFile; fileRef = B7D2ABEF191E145E00DC569F /* time_icon.png */; };
		B7D2AC3E191E145E00DC569F /* time_icon@2x.png in Resources */ = {isa = PBXBuildFile; fileRef = B7D2ABF0191E145E00DC569F /* time_icon@2x.png */; };
		B7D2AC3F191E145E00DC569F /* weight_icon.png in Resources */ = {isa = PBXBuildFile; fileRef = B7D2ABF1191E145E00DC569F /* weight_icon.png */; };
		B7D2AC40191E145E00DC569F /* weight_icon@2x.png in Resources */ = {isa = PBXBuildFile; fileRef = B7D2ABF2191E145E00DC569F /* weight_icon@2x.png */; };
		B7D2AC41191E145E00DC569F /* calender_icon.png in Resources */ = {isa = PBXBuildFile; fileRef = B7D2ABF3191E145E00DC569F /* calender_icon.png */; };
		B7D2AC42191E145E00DC569F /* calender_icon@2x.png in Resources */ = {isa = PBXBuildFile; fileRef = B7D2ABF4191E145E00DC569F /* calender_icon@2x.png */; };
		B7D2AC46191E14BF00DC569F /* MobileCoreServices.framework in Frameworks */ = {isa = PBXBuildFile; fileRef = B7D2AC45191E14BF00DC569F /* MobileCoreServices.framework */; };
		B7D2AC48191E14C700DC569F /* libz.dylib in Frameworks */ = {isa = PBXBuildFile; fileRef = B7D2AC47191E14C700DC569F /* libz.dylib */; };
		B7D2AC4A191E14D200DC569F /* SystemConfiguration.framework in Frameworks */ = {isa = PBXBuildFile; fileRef = B7D2AC49191E14D200DC569F /* SystemConfiguration.framework */; };
		B7D2AC4C191E150800DC569F /* CFNetwork.framework in Frameworks */ = {isa = PBXBuildFile; fileRef = B7D2AC4B191E150800DC569F /* CFNetwork.framework */; };
/* End PBXBuildFile section */

/* Begin PBXContainerItemProxy section */
		B7D2AB45191E136F00DC569F /* PBXContainerItemProxy */ = {
			isa = PBXContainerItemProxy;
			containerPortal = B7D2AB1D191E136F00DC569F /* Project object */;
			proxyType = 1;
			remoteGlobalIDString = B7D2AB24191E136F00DC569F;
			remoteInfo = i9entregas;
		};
/* End PBXContainerItemProxy section */

/* Begin PBXFileReference section */
		B72B39CE1921B5AF001F323C /* SideViewController.h */ = {isa = PBXFileReference; fileEncoding = 4; lastKnownFileType = sourcecode.c.h; path = SideViewController.h; sourceTree = "<group>"; };
		B72B39CF1921B5AF001F323C /* SideViewController.m */ = {isa = PBXFileReference; fileEncoding = 4; lastKnownFileType = sourcecode.c.objc; path = SideViewController.m; sourceTree = "<group>"; };
		B72B39D01921B5AF001F323C /* SideViewController.xib */ = {isa = PBXFileReference; fileEncoding = 4; lastKnownFileType = file.xib; path = SideViewController.xib; sourceTree = "<group>"; };
		B73E40541924E68000408A82 /* my_request.png */ = {isa = PBXFileReference; lastKnownFileType = image.png; path = my_request.png; sourceTree = "<group>"; };
		B73E40551924E68000408A82 /* my_request@2x.png */ = {isa = PBXFileReference; lastKnownFileType = image.png; path = "my_request@2x.png"; sourceTree = "<group>"; };
		B73E40561924E68000408A82 /* open_trips.png */ = {isa = PBXFileReference; lastKnownFileType = image.png; path = open_trips.png; sourceTree = "<group>"; };
		B73E40571924E68000408A82 /* open_trips@2x.png */ = {isa = PBXFileReference; lastKnownFileType = image.png; path = "open_trips@2x.png"; sourceTree = "<group>"; };
		B73E405C1924EE7A00408A82 /* section_header_base.png */ = {isa = PBXFileReference; lastKnownFileType = image.png; path = section_header_base.png; sourceTree = "<group>"; };
		B73E405D1924EE7A00408A82 /* section_header_base@2x.png */ = {isa = PBXFileReference; lastKnownFileType = image.png; path = "section_header_base@2x.png"; sourceTree = "<group>"; };
		B73E405E1924EE7A00408A82 /* edit_icon.png */ = {isa = PBXFileReference; lastKnownFileType = image.png; path = edit_icon.png; sourceTree = "<group>"; };
		B73E405F1924EE7A00408A82 /* edit_icon@2x.png */ = {isa = PBXFileReference; lastKnownFileType = image.png; path = "edit_icon@2x.png"; sourceTree = "<group>"; };
		B73E406419258AFC00408A82 /* headerLogo.png */ = {isa = PBXFileReference; lastKnownFileType = image.png; path = headerLogo.png; sourceTree = "<group>"; };
		B73E406619258FBF00408A82 /* customerU.png */ = {isa = PBXFileReference; lastKnownFileType = image.png; path = customerU.png; sourceTree = "<group>"; };
		B73E406719258FBF00408A82 /* driverU.png */ = {isa = PBXFileReference; lastKnownFileType = image.png; path = driverU.png; sourceTree = "<group>"; };
		B73E406A192594FE00408A82 /* power.png */ = {isa = PBXFileReference; lastKnownFileType = image.png; path = power.png; sourceTree = "<group>"; };
		B73E406B192594FE00408A82 /* map.png */ = {isa = PBXFileReference; lastKnownFileType = image.png; path = map.png; sourceTree = "<group>"; };
		B73E406C192594FE00408A82 /* basket.png */ = {isa = PBXFileReference; lastKnownFileType = image.png; path = basket.png; sourceTree = "<group>"; };
		B73E406D192594FE00408A82 /* man.png */ = {isa = PBXFileReference; lastKnownFileType = image.png; path = man.png; sourceTree = "<group>"; };
		B73E40721925B40700408A82 /* Back.png */ = {isa = PBXFileReference; lastKnownFileType = image.png; path = Back.png; sourceTree = "<group>"; };
		B7402D311920727200A09856 /* MapKit.framework */ = {isa = PBXFileReference; lastKnownFileType = wrapper.framework; name = MapKit.framework; path = System/Library/Frameworks/MapKit.framework; sourceTree = SDKROOT; };
		B78FCDDC191E28780026A8F2 /* View.xib */ = {isa = PBXFileReference; fileEncoding = 4; lastKnownFileType = file.xib; path = View.xib; sourceTree = "<group>"; };
		B78FCDDE191F8EEB0026A8F2 /* NewRequestViewController.h */ = {isa = PBXFileReference; fileEncoding = 4; lastKnownFileType = sourcecode.c.h; path = NewRequestViewController.h; sourceTree = "<group>"; };
		B78FCDDF191F8EEB0026A8F2 /* NewRequestViewController.m */ = {isa = PBXFileReference; fileEncoding = 4; lastKnownFileType = sourcecode.c.objc; path = NewRequestViewController.m; sourceTree = "<group>"; };
		B78FCDE0191F8EEB0026A8F2 /* NewRequestViewController.xib */ = {isa = PBXFileReference; fileEncoding = 4; lastKnownFileType = file.xib; path = NewRequestViewController.xib; sourceTree = "<group>"; };
		B78FCDE4191FDDF70026A8F2 /* HomeViewController.h */ = {isa = PBXFileReference; fileEncoding = 4; lastKnownFileType = sourcecode.c.h; path = HomeViewController.h; sourceTree = "<group>"; };
		B78FCDE5191FDDF70026A8F2 /* HomeViewController.m */ = {isa = PBXFileReference; fileEncoding = 4; lastKnownFileType = sourcecode.c.objc; path = HomeViewController.m; sourceTree = "<group>"; };
		B78FCDE6191FDDF70026A8F2 /* HomeViewController.xib */ = {isa = PBXFileReference; fileEncoding = 4; lastKnownFileType = file.xib; path = HomeViewController.xib; sourceTree = "<group>"; };
		B78FCDEA191FF9680026A8F2 /* OpenRequestViewController.h */ = {isa = PBXFileReference; fileEncoding = 4; lastKnownFileType = sourcecode.c.h; path = OpenRequestViewController.h; sourceTree = "<group>"; };
		B78FCDEB191FF9680026A8F2 /* OpenRequestViewController.m */ = {isa = PBXFileReference; fileEncoding = 4; lastKnownFileType = sourcecode.c.objc; path = OpenRequestViewController.m; sourceTree = "<group>"; };
		B78FCDEC191FF9680026A8F2 /* OpenRequestViewController.xib */ = {isa = PBXFileReference; fileEncoding = 4; lastKnownFileType = file.xib; path = OpenRequestViewController.xib; sourceTree = "<group>"; };
		B78FCDEF191FF9730026A8F2 /* MyRequestViewController.h */ = {isa = PBXFileReference; fileEncoding = 4; lastKnownFileType = sourcecode.c.h; path = MyRequestViewController.h; sourceTree = "<group>"; };
		B78FCDF0191FF9730026A8F2 /* MyRequestViewController.m */ = {isa = PBXFileReference; fileEncoding = 4; lastKnownFileType = sourcecode.c.objc; path = MyRequestViewController.m; sourceTree = "<group>"; };
		B78FCDF1191FF9730026A8F2 /* MyRequestViewController.xib */ = {isa = PBXFileReference; fileEncoding = 4; lastKnownFileType = file.xib; path = MyRequestViewController.xib; sourceTree = "<group>"; };
		B78FCDF4191FF9880026A8F2 /* OpenTripViewController.h */ = {isa = PBXFileReference; fileEncoding = 4; lastKnownFileType = sourcecode.c.h; path = OpenTripViewController.h; sourceTree = "<group>"; };
		B78FCDF5191FF9880026A8F2 /* OpenTripViewController.m */ = {isa = PBXFileReference; fileEncoding = 4; lastKnownFileType = sourcecode.c.objc; path = OpenTripViewController.m; sourceTree = "<group>"; };
		B78FCDF6191FF9880026A8F2 /* OpenTripViewController.xib */ = {isa = PBXFileReference; fileEncoding = 4; lastKnownFileType = file.xib; path = OpenTripViewController.xib; sourceTree = "<group>"; };
		B78FCDF9191FF9910026A8F2 /* MapViewController.h */ = {isa = PBXFileReference; fileEncoding = 4; lastKnownFileType = sourcecode.c.h; path = MapViewController.h; sourceTree = "<group>"; };
		B78FCDFA191FF9910026A8F2 /* MapViewController.m */ = {isa = PBXFileReference; fileEncoding = 4; lastKnownFileType = sourcecode.c.objc; path = MapViewController.m; sourceTree = "<group>"; };
		B78FCDFB191FF9910026A8F2 /* MapViewController.xib */ = {isa = PBXFileReference; fileEncoding = 4; lastKnownFileType = file.xib; path = MapViewController.xib; sourceTree = "<group>"; };
		B78FCDFE191FF99A0026A8F2 /* ProfileViewController.h */ = {isa = PBXFileReference; fileEncoding = 4; lastKnownFileType = sourcecode.c.h; path = ProfileViewController.h; sourceTree = "<group>"; };
		B78FCDFF191FF99A0026A8F2 /* ProfileViewController.m */ = {isa = PBXFileReference; fileEncoding = 4; lastKnownFileType = sourcecode.c.objc; path = ProfileViewController.m; sourceTree = "<group>"; };
		B78FCE00191FF99A0026A8F2 /* ProfileViewController.xib */ = {isa = PBXFileReference; fileEncoding = 4; lastKnownFileType = file.xib; path = ProfileViewController.xib; sourceTree = "<group>"; };
		B78FCE09192007CE0026A8F2 /* Cell.h */ = {isa = PBXFileReference; fileEncoding = 4; lastKnownFileType = sourcecode.c.h; path = Cell.h; sourceTree = "<group>"; };
		B78FCE0A192007CE0026A8F2 /* Cell.m */ = {isa = PBXFileReference; fileEncoding = 4; lastKnownFileType = sourcecode.c.objc; path = Cell.m; sourceTree = "<group>"; };
		B78FCE0C19200E3E0026A8F2 /* PPRevealSideViewController.h */ = {isa = PBXFileReference; fileEncoding = 4; lastKnownFileType = sourcecode.c.h; path = PPRevealSideViewController.h; sourceTree = "<group>"; };
		B78FCE0D19200E3E0026A8F2 /* PPRevealSideViewController.m */ = {isa = PBXFileReference; fileEncoding = 4; lastKnownFileType = sourcecode.c.objc; path = PPRevealSideViewController.m; sourceTree = "<group>"; };
		B78FCE1019200E9E0026A8F2 /* BaseViewController.h */ = {isa = PBXFileReference; fileEncoding = 4; lastKnownFileType = sourcecode.c.h; path = BaseViewController.h; sourceTree = "<group>"; };
		B78FCE1119200E9E0026A8F2 /* BaseViewController.m */ = {isa = PBXFileReference; fileEncoding = 4; lastKnownFileType = sourcecode.c.objc; path = BaseViewController.m; sourceTree = "<group>"; };
		B78FCE1219200E9E0026A8F2 /* BaseViewController.xib */ = {isa = PBXFileReference; fileEncoding = 4; lastKnownFileType = file.xib; path = BaseViewController.xib; sourceTree = "<group>"; };
		B7D2AB25191E136F00DC569F /* i9entregas.app */ = {isa = PBXFileReference; explicitFileType = wrapper.application; includeInIndex = 0; path = i9entregas.app; sourceTree = BUILT_PRODUCTS_DIR; };
		B7D2AB28191E136F00DC569F /* Foundation.framework */ = {isa = PBXFileReference; lastKnownFileType = wrapper.framework; name = Foundation.framework; path = System/Library/Frameworks/Foundation.framework; sourceTree = SDKROOT; };
		B7D2AB2A191E136F00DC569F /* CoreGraphics.framework */ = {isa = PBXFileReference; lastKnownFileType = wrapper.framework; name = CoreGraphics.framework; path = System/Library/Frameworks/CoreGraphics.framework; sourceTree = SDKROOT; };
		B7D2AB2C191E136F00DC569F /* UIKit.framework */ = {isa = PBXFileReference; lastKnownFileType = wrapper.framework; name = UIKit.framework; path = System/Library/Frameworks/UIKit.framework; sourceTree = SDKROOT; };
		B7D2AB30191E136F00DC569F /* i9entregas-Info.plist */ = {isa = PBXFileReference; lastKnownFileType = text.plist.xml; path = "i9entregas-Info.plist"; sourceTree = "<group>"; };
		B7D2AB32191E136F00DC569F /* en */ = {isa = PBXFileReference; lastKnownFileType = text.plist.strings; name = en; path = en.lproj/InfoPlist.strings; sourceTree = "<group>"; };
		B7D2AB34191E136F00DC569F /* main.m */ = {isa = PBXFileReference; lastKnownFileType = sourcecode.c.objc; path = main.m; sourceTree = "<group>"; };
		B7D2AB36191E136F00DC569F /* i9entregas-Prefix.pch */ = {isa = PBXFileReference; lastKnownFileType = sourcecode.c.h; path = "i9entregas-Prefix.pch"; sourceTree = "<group>"; };
		B7D2AB37191E136F00DC569F /* AppDelegate.h */ = {isa = PBXFileReference; lastKnownFileType = sourcecode.c.h; path = AppDelegate.h; sourceTree = "<group>"; };
		B7D2AB38191E136F00DC569F /* AppDelegate.m */ = {isa = PBXFileReference; lastKnownFileType = sourcecode.c.objc; path = AppDelegate.m; sourceTree = "<group>"; };
		B7D2AB3A191E136F00DC569F /* Images.xcassets */ = {isa = PBXFileReference; lastKnownFileType = folder.assetcatalog; path = Images.xcassets; sourceTree = "<group>"; };
		B7D2AB40191E136F00DC569F /* i9entregasTests.xctest */ = {isa = PBXFileReference; explicitFileType = wrapper.cfbundle; includeInIndex = 0; path = i9entregasTests.xctest; sourceTree = BUILT_PRODUCTS_DIR; };
		B7D2AB41191E136F00DC569F /* XCTest.framework */ = {isa = PBXFileReference; lastKnownFileType = wrapper.framework; name = XCTest.framework; path = Library/Frameworks/XCTest.framework; sourceTree = DEVELOPER_DIR; };
		B7D2AB49191E136F00DC569F /* i9entregasTests-Info.plist */ = {isa = PBXFileReference; lastKnownFileType = text.plist.xml; path = "i9entregasTests-Info.plist"; sourceTree = "<group>"; };
		B7D2AB4B191E136F00DC569F /* en */ = {isa = PBXFileReference; lastKnownFileType = text.plist.strings; name = en; path = en.lproj/InfoPlist.strings; sourceTree = "<group>"; };
		B7D2AB4D191E136F00DC569F /* i9entregasTests.m */ = {isa = PBXFileReference; lastKnownFileType = sourcecode.c.objc; path = i9entregasTests.m; sourceTree = "<group>"; };
		B7D2AB57191E13C900DC569F /* LoginViewController.h */ = {isa = PBXFileReference; fileEncoding = 4; lastKnownFileType = sourcecode.c.h; path = LoginViewController.h; sourceTree = "<group>"; };
		B7D2AB58191E13C900DC569F /* LoginViewController.m */ = {isa = PBXFileReference; fileEncoding = 4; lastKnownFileType = sourcecode.c.objc; path = LoginViewController.m; sourceTree = "<group>"; };
		B7D2AB59191E13C900DC569F /* LoginViewController.xib */ = {isa = PBXFileReference; fileEncoding = 4; lastKnownFileType = file.xib; path = LoginViewController.xib; sourceTree = "<group>"; };
		B7D2AB5A191E13C900DC569F /* SignUpViewController.h */ = {isa = PBXFileReference; fileEncoding = 4; lastKnownFileType = sourcecode.c.h; path = SignUpViewController.h; sourceTree = "<group>"; };
		B7D2AB5B191E13C900DC569F /* SignUpViewController.m */ = {isa = PBXFileReference; fileEncoding = 4; lastKnownFileType = sourcecode.c.objc; path = SignUpViewController.m; sourceTree = "<group>"; };
		B7D2AB5C191E13C900DC569F /* SignUpViewController.xib */ = {isa = PBXFileReference; fileEncoding = 4; lastKnownFileType = file.xib; path = SignUpViewController.xib; sourceTree = "<group>"; };
		B7D2AB62191E13FB00DC569F /* IQKeyboardManager.h */ = {isa = PBXFileReference; fileEncoding = 4; lastKnownFileType = sourcecode.c.h; path = IQKeyboardManager.h; sourceTree = "<group>"; };
		B7D2AB63191E13FB00DC569F /* IQKeyboardManager.m */ = {isa = PBXFileReference; fileEncoding = 4; lastKnownFileType = sourcecode.c.objc; path = IQKeyboardManager.m; sourceTree = "<group>"; };
		B7D2AB64191E13FB00DC569F /* IQUIView+IQKeyboardToolbar.h */ = {isa = PBXFileReference; fileEncoding = 4; lastKnownFileType = sourcecode.c.h; path = "IQUIView+IQKeyboardToolbar.h"; sourceTree = "<group>"; };
		B7D2AB65191E13FB00DC569F /* IQUIView+IQKeyboardToolbar.m */ = {isa = PBXFileReference; fileEncoding = 4; lastKnownFileType = sourcecode.c.objc; path = "IQUIView+IQKeyboardToolbar.m"; sourceTree = "<group>"; };
		B7D2AB66191E13FB00DC569F /* IQKeyboardManagerConstants.h */ = {isa = PBXFileReference; fileEncoding = 4; lastKnownFileType = sourcecode.c.h; path = IQKeyboardManagerConstants.h; sourceTree = "<group>"; };
		B7D2AB67191E13FB00DC569F /* IQToolbar.h */ = {isa = PBXFileReference; fileEncoding = 4; lastKnownFileType = sourcecode.c.h; path = IQToolbar.h; sourceTree = "<group>"; };
		B7D2AB68191E13FB00DC569F /* IQToolbar.m */ = {isa = PBXFileReference; fileEncoding = 4; lastKnownFileType = sourcecode.c.objc; path = IQToolbar.m; sourceTree = "<group>"; };
		B7D2AB69191E13FB00DC569F /* IQTextView.h */ = {isa = PBXFileReference; fileEncoding = 4; lastKnownFileType = sourcecode.c.h; path = IQTextView.h; sourceTree = "<group>"; };
		B7D2AB6A191E13FB00DC569F /* IQTextView.m */ = {isa = PBXFileReference; fileEncoding = 4; lastKnownFileType = sourcecode.c.objc; path = IQTextView.m; sourceTree = "<group>"; };
		B7D2AB6B191E13FB00DC569F /* IQTitleBarButtonItem.h */ = {isa = PBXFileReference; fileEncoding = 4; lastKnownFileType = sourcecode.c.h; path = IQTitleBarButtonItem.h; sourceTree = "<group>"; };
		B7D2AB6C191E13FB00DC569F /* IQTitleBarButtonItem.m */ = {isa = PBXFileReference; fileEncoding = 4; lastKnownFileType = sourcecode.c.objc; path = IQTitleBarButtonItem.m; sourceTree = "<group>"; };
		B7D2AB6D191E13FB00DC569F /* IQSegmentedNextPrevious.h */ = {isa = PBXFileReference; fileEncoding = 4; lastKnownFileType = sourcecode.c.h; path = IQSegmentedNextPrevious.h; sourceTree = "<group>"; };
		B7D2AB6E191E13FB00DC569F /* IQSegmentedNextPrevious.m */ = {isa = PBXFileReference; fileEncoding = 4; lastKnownFileType = sourcecode.c.objc; path = IQSegmentedNextPrevious.m; sourceTree = "<group>"; };
		B7D2AB6F191E13FB00DC569F /* IQKeyboardManagerConstantsInternal.h */ = {isa = PBXFileReference; fileEncoding = 4; lastKnownFileType = sourcecode.c.h; path = IQKeyboardManagerConstantsInternal.h; sourceTree = "<group>"; };
		B7D2AB70191E13FB00DC569F /* IQUIView+Hierarchy.h */ = {isa = PBXFileReference; fileEncoding = 4; lastKnownFileType = sourcecode.c.h; path = "IQUIView+Hierarchy.h"; sourceTree = "<group>"; };
		B7D2AB71191E13FB00DC569F /* IQUIView+Hierarchy.m */ = {isa = PBXFileReference; fileEncoding = 4; lastKnownFileType = sourcecode.c.objc; path = "IQUIView+Hierarchy.m"; sourceTree = "<group>"; };
		B7D2AB72191E13FB00DC569F /* IQUIWindow+Hierarchy.h */ = {isa = PBXFileReference; fileEncoding = 4; lastKnownFileType = sourcecode.c.h; path = "IQUIWindow+Hierarchy.h"; sourceTree = "<group>"; };
		B7D2AB73191E13FB00DC569F /* IQUIWindow+Hierarchy.m */ = {isa = PBXFileReference; fileEncoding = 4; lastKnownFileType = sourcecode.c.objc; path = "IQUIWindow+Hierarchy.m"; sourceTree = "<group>"; };
		B7D2AB74191E13FB00DC569F /* IQNSArray+Sort.h */ = {isa = PBXFileReference; fileEncoding = 4; lastKnownFileType = sourcecode.c.h; path = "IQNSArray+Sort.h"; sourceTree = "<group>"; };
		B7D2AB75191E13FB00DC569F /* IQNSArray+Sort.m */ = {isa = PBXFileReference; fileEncoding = 4; lastKnownFileType = sourcecode.c.objc; path = "IQNSArray+Sort.m"; sourceTree = "<group>"; };
		B7D2AB76191E13FB00DC569F /* KeyboardManager.h */ = {isa = PBXFileReference; fileEncoding = 4; lastKnownFileType = sourcecode.c.h; path = KeyboardManager.h; sourceTree = "<group>"; };
		B7D2AB80191E141200DC569F /* IQKeyboardManager.bundle */ = {isa = PBXFileReference; lastKnownFileType = "wrapper.plug-in"; path = IQKeyboardManager.bundle; sourceTree = "<group>"; };
		B7D2AB82191E141C00DC569F /* MBProgressHUD.h */ = {isa = PBXFileReference; fileEncoding = 4; lastKnownFileType = sourcecode.c.h; path = MBProgressHUD.h; sourceTree = "<group>"; };
		B7D2AB83191E141C00DC569F /* MBProgressHUD.m */ = {isa = PBXFileReference; fileEncoding = 4; lastKnownFileType = sourcecode.c.objc; path = MBProgressHUD.m; sourceTree = "<group>"; };
		B7D2AB87191E144200DC569F /* Reachability.h */ = {isa = PBXFileReference; fileEncoding = 4; lastKnownFileType = sourcecode.c.h; path = Reachability.h; sourceTree = "<group>"; };
		B7D2AB88191E144200DC569F /* Reachability.m */ = {isa = PBXFileReference; fileEncoding = 4; lastKnownFileType = sourcecode.c.objc; path = Reachability.m; sourceTree = "<group>"; };
		B7D2AB89191E144200DC569F /* ASIAuthenticationDialog.h */ = {isa = PBXFileReference; fileEncoding = 4; lastKnownFileType = sourcecode.c.h; path = ASIAuthenticationDialog.h; sourceTree = "<group>"; };
		B7D2AB8A191E144200DC569F /* ASIAuthenticationDialog.m */ = {isa = PBXFileReference; fileEncoding = 4; lastKnownFileType = sourcecode.c.objc; path = ASIAuthenticationDialog.m; sourceTree = "<group>"; };
		B7D2AB8B191E144200DC569F /* ASICacheDelegate.h */ = {isa = PBXFileReference; fileEncoding = 4; lastKnownFileType = sourcecode.c.h; path = ASICacheDelegate.h; sourceTree = "<group>"; };
		B7D2AB8C191E144200DC569F /* ASIDataCompressor.h */ = {isa = PBXFileReference; fileEncoding = 4; lastKnownFileType = sourcecode.c.h; path = ASIDataCompressor.h; sourceTree = "<group>"; };
		B7D2AB8D191E144200DC569F /* ASIDataCompressor.m */ = {isa = PBXFileReference; fileEncoding = 4; lastKnownFileType = sourcecode.c.objc; path = ASIDataCompressor.m; sourceTree = "<group>"; };
		B7D2AB8E191E144200DC569F /* ASIDataDecompressor.h */ = {isa = PBXFileReference; fileEncoding = 4; lastKnownFileType = sourcecode.c.h; path = ASIDataDecompressor.h; sourceTree = "<group>"; };
		B7D2AB8F191E144200DC569F /* ASIDataDecompressor.m */ = {isa = PBXFileReference; fileEncoding = 4; lastKnownFileType = sourcecode.c.objc; path = ASIDataDecompressor.m; sourceTree = "<group>"; };
		B7D2AB90191E144200DC569F /* ASIDownloadCache.h */ = {isa = PBXFileReference; fileEncoding = 4; lastKnownFileType = sourcecode.c.h; path = ASIDownloadCache.h; sourceTree = "<group>"; };
		B7D2AB91191E144200DC569F /* ASIDownloadCache.m */ = {isa = PBXFileReference; fileEncoding = 4; lastKnownFileType = sourcecode.c.objc; path = ASIDownloadCache.m; sourceTree = "<group>"; };
		B7D2AB92191E144200DC569F /* ASIFormDataRequest.h */ = {isa = PBXFileReference; fileEncoding = 4; lastKnownFileType = sourcecode.c.h; path = ASIFormDataRequest.h; sourceTree = "<group>"; };
		B7D2AB93191E144200DC569F /* ASIFormDataRequest.m */ = {isa = PBXFileReference; fileEncoding = 4; lastKnownFileType = sourcecode.c.objc; path = ASIFormDataRequest.m; sourceTree = "<group>"; };
		B7D2AB94191E144200DC569F /* ASIHTTPRequest.h */ = {isa = PBXFileReference; fileEncoding = 4; lastKnownFileType = sourcecode.c.h; path = ASIHTTPRequest.h; sourceTree = "<group>"; };
		B7D2AB95191E144200DC569F /* ASIHTTPRequest.m */ = {isa = PBXFileReference; fileEncoding = 4; lastKnownFileType = sourcecode.c.objc; path = ASIHTTPRequest.m; sourceTree = "<group>"; };
		B7D2AB96191E144200DC569F /* ASIHTTPRequestConfig.h */ = {isa = PBXFileReference; fileEncoding = 4; lastKnownFileType = sourcecode.c.h; path = ASIHTTPRequestConfig.h; sourceTree = "<group>"; };
		B7D2AB97191E144200DC569F /* ASIHTTPRequestDelegate.h */ = {isa = PBXFileReference; fileEncoding = 4; lastKnownFileType = sourcecode.c.h; path = ASIHTTPRequestDelegate.h; sourceTree = "<group>"; };
		B7D2AB98191E144200DC569F /* ASIInputStream.h */ = {isa = PBXFileReference; fileEncoding = 4; lastKnownFileType = sourcecode.c.h; path = ASIInputStream.h; sourceTree = "<group>"; };
		B7D2AB99191E144200DC569F /* ASIInputStream.m */ = {isa = PBXFileReference; fileEncoding = 4; lastKnownFileType = sourcecode.c.objc; path = ASIInputStream.m; sourceTree = "<group>"; };
		B7D2AB9A191E144200DC569F /* ASINetworkQueue.h */ = {isa = PBXFileReference; fileEncoding = 4; lastKnownFileType = sourcecode.c.h; path = ASINetworkQueue.h; sourceTree = "<group>"; };
		B7D2AB9B191E144200DC569F /* ASINetworkQueue.m */ = {isa = PBXFileReference; fileEncoding = 4; lastKnownFileType = sourcecode.c.objc; path = ASINetworkQueue.m; sourceTree = "<group>"; };
		B7D2AB9C191E144200DC569F /* ASIProgressDelegate.h */ = {isa = PBXFileReference; fileEncoding = 4; lastKnownFileType = sourcecode.c.h; path = ASIProgressDelegate.h; sourceTree = "<group>"; };
		B7D2ABA7191E145E00DC569F /* devider.png */ = {isa = PBXFileReference; lastKnownFileType = image.png; path = devider.png; sourceTree = "<group>"; };
		B7D2ABA8191E145E00DC569F /* devider@2x.png */ = {isa = PBXFileReference; lastKnownFileType = image.png; path = "devider@2x.png"; sourceTree = "<group>"; };
		B7D2ABA9191E145E00DC569F /* submit_btn.png */ = {isa = PBXFileReference; lastKnownFileType = image.png; path = submit_btn.png; sourceTree = "<group>"; };
		B7D2ABAA191E145E00DC569F /* submit_btn@2x.png */ = {isa = PBXFileReference; lastKnownFileType = image.png; path = "submit_btn@2x.png"; sourceTree = "<group>"; };
		B7D2ABAB191E145E00DC569F /* submit__main_btn.png */ = {isa = PBXFileReference; lastKnownFileType = image.png; path = submit__main_btn.png; sourceTree = "<group>"; };
		B7D2ABAC191E145E00DC569F /* submit__main_btn@2x.png */ = {isa = PBXFileReference; lastKnownFileType = image.png; path = "submit__main_btn@2x.png"; sourceTree = "<group>"; };
		B7D2ABAD191E145E00DC569F /* submit_text_field.png */ = {isa = PBXFileReference; lastKnownFileType = image.png; path = submit_text_field.png; sourceTree = "<group>"; };
		B7D2ABAE191E145E00DC569F /* submit_text_field@2x.png */ = {isa = PBXFileReference; lastKnownFileType = image.png; path = "submit_text_field@2x.png"; sourceTree = "<group>"; };
		B7D2ABAF191E145E00DC569F /* menu_down_small.png */ = {isa = PBXFileReference; lastKnownFileType = image.png; path = menu_down_small.png; sourceTree = "<group>"; };
		B7D2ABB0191E145E00DC569F /* menu_down_small@2x.png */ = {isa = PBXFileReference; lastKnownFileType = image.png; path = "menu_down_small@2x.png"; sourceTree = "<group>"; };
		B7D2ABB1191E145E00DC569F /* down_arrow.png */ = {isa = PBXFileReference; lastKnownFileType = image.png; path = down_arrow.png; sourceTree = "<group>"; };
		B7D2ABB2191E145E00DC569F /* down_arrow@2x.png */ = {isa = PBXFileReference; lastKnownFileType = image.png; path = "down_arrow@2x.png"; sourceTree = "<group>"; };
		B7D2ABB3191E145E00DC569F /* return_box.png */ = {isa = PBXFileReference; lastKnownFileType = image.png; path = return_box.png; sourceTree = "<group>"; };
		B7D2ABB4191E145E00DC569F /* return_box@2x.png */ = {isa = PBXFileReference; lastKnownFileType = image.png; path = "return_box@2x.png"; sourceTree = "<group>"; };
		B7D2ABB5191E145E00DC569F /* un_check.png */ = {isa = PBXFileReference; lastKnownFileType = image.png; path = un_check.png; sourceTree = "<group>"; };
		B7D2ABB6191E145E00DC569F /* un_check@2x.png */ = {isa = PBXFileReference; lastKnownFileType = image.png; path = "un_check@2x.png"; sourceTree = "<group>"; };
		B7D2ABB7191E145E00DC569F /* check.png */ = {isa = PBXFileReference; lastKnownFileType = image.png; path = check.png; sourceTree = "<group>"; };
		B7D2ABB8191E145E00DC569F /* check@2x.png */ = {isa = PBXFileReference; lastKnownFileType = image.png; path = "check@2x.png"; sourceTree = "<group>"; };
		B7D2ABB9191E145E00DC569F /* arrow_more.png */ = {isa = PBXFileReference; lastKnownFileType = image.png; path = arrow_more.png; sourceTree = "<group>"; };
		B7D2ABBA191E145E00DC569F /* arrow_more@2x.png */ = {isa = PBXFileReference; lastKnownFileType = image.png; path = "arrow_more@2x.png"; sourceTree = "<group>"; };
		B7D2ABBB191E145E00DC569F /* side_menu.png */ = {isa = PBXFileReference; lastKnownFileType = image.png; path = side_menu.png; sourceTree = "<group>"; };
		B7D2ABBC191E145E00DC569F /* side_menu@2x.png */ = {isa = PBXFileReference; lastKnownFileType = image.png; path = "side_menu@2x.png"; sourceTree = "<group>"; };
		B7D2ABBD191E145E00DC569F /* search_field.png */ = {isa = PBXFileReference; lastKnownFileType = image.png; path = search_field.png; sourceTree = "<group>"; };
		B7D2ABBE191E145E00DC569F /* search_field@2x.png */ = {isa = PBXFileReference; lastKnownFileType = image.png; path = "search_field@2x.png"; sourceTree = "<group>"; };
		B7D2ABBF191E145E00DC569F /* search_base.png */ = {isa = PBXFileReference; lastKnownFileType = image.png; path = search_base.png; sourceTree = "<group>"; };
		B7D2ABC0191E145E00DC569F /* search_base@2x.png */ = {isa = PBXFileReference; lastKnownFileType = image.png; path = "search_base@2x.png"; sourceTree = "<group>"; };
		B7D2ABC1191E145E00DC569F /* search_icon.png */ = {isa = PBXFileReference; lastKnownFileType = image.png; path = search_icon.png; sourceTree = "<group>"; };
		B7D2ABC2191E145E00DC569F /* search_icon@2x.png */ = {isa = PBXFileReference; lastKnownFileType = image.png; path = "search_icon@2x.png"; sourceTree = "<group>"; };
		B7D2ABC3191E145E00DC569F /* Default.png */ = {isa = PBXFileReference; lastKnownFileType = image.png; path = Default.png; sourceTree = "<group>"; };
		B7D2ABC4191E145E00DC569F /* Default@2x.png */ = {isa = PBXFileReference; lastKnownFileType = image.png; path = "Default@2x.png"; sourceTree = "<group>"; };
		B7D2ABC5191E145E00DC569F /* add_icon.png */ = {isa = PBXFileReference; lastKnownFileType = image.png; path = add_icon.png; sourceTree = "<group>"; };
		B7D2ABC6191E145E00DC569F /* add_icon@2x.png */ = {isa = PBXFileReference; lastKnownFileType = image.png; path = "add_icon@2x.png"; sourceTree = "<group>"; };
		B7D2ABC7191E145E00DC569F /* back_btn_arrow.png */ = {isa = PBXFileReference; lastKnownFileType = image.png; path = back_btn_arrow.png; sourceTree = "<group>"; };
		B7D2ABC8191E145E00DC569F /* back_btn_arrow@2x.png */ = {isa = PBXFileReference; lastKnownFileType = image.png; path = "back_btn_arrow@2x.png"; sourceTree = "<group>"; };
		B7D2ABC9191E145E00DC569F /* menu_seader.png */ = {isa = PBXFileReference; lastKnownFileType = image.png; path = menu_seader.png; sourceTree = "<group>"; };
		B7D2ABCA191E145E00DC569F /* menu_seader@2x.png */ = {isa = PBXFileReference; lastKnownFileType = image.png; path = "menu_seader@2x.png"; sourceTree = "<group>"; };
		B7D2ABCB191E145E00DC569F /* logo.png */ = {isa = PBXFileReference; lastKnownFileType = image.png; path = logo.png; sourceTree = "<group>"; };
		B7D2ABCC191E145E00DC569F /* logo@2x.png */ = {isa = PBXFileReference; lastKnownFileType = image.png; path = "logo@2x.png"; sourceTree = "<group>"; };
		B7D2ABCD191E145E00DC569F /* my_trips.png */ = {isa = PBXFileReference; lastKnownFileType = image.png; path = my_trips.png; sourceTree = "<group>"; };
		B7D2ABCE191E145E00DC569F /* my_trips@2x.png */ = {isa = PBXFileReference; lastKnownFileType = image.png; path = "my_trips@2x.png"; sourceTree = "<group>"; };
		B7D2ABCF191E145E00DC569F /* log_out.png */ = {isa = PBXFileReference; lastKnownFileType = image.png; path = log_out.png; sourceTree = "<group>"; };
		B7D2ABD0191E145E00DC569F /* log_out@2x.png */ = {isa = PBXFileReference; lastKnownFileType = image.png; path = "log_out@2x.png"; sourceTree = "<group>"; };
		B7D2ABD1191E145E00DC569F /* settings.png */ = {isa = PBXFileReference; lastKnownFileType = image.png; path = settings.png; sourceTree = "<group>"; };
		B7D2ABD2191E145E00DC569F /* settings@2x.png */ = {isa = PBXFileReference; lastKnownFileType = image.png; path = "settings@2x.png"; sourceTree = "<group>"; };
		B7D2ABD3191E145E00DC569F /* profile.png */ = {isa = PBXFileReference; lastKnownFileType = image.png; path = profile.png; sourceTree = "<group>"; };
		B7D2ABD4191E145E00DC569F /* profile@2x.png */ = {isa = PBXFileReference; lastKnownFileType = image.png; path = "profile@2x.png"; sourceTree = "<group>"; };
		B7D2ABD5191E145E00DC569F /* maps.png */ = {isa = PBXFileReference; lastKnownFileType = image.png; path = maps.png; sourceTree = "<group>"; };
		B7D2ABD6191E145E00DC569F /* maps@2x.png */ = {isa = PBXFileReference; lastKnownFileType = image.png; path = "maps@2x.png"; sourceTree = "<group>"; };
		B7D2ABD7191E145E00DC569F /* open_request.png */ = {isa = PBXFileReference; lastKnownFileType = image.png; path = open_request.png; sourceTree = "<group>"; };
		B7D2ABD8191E145E00DC569F /* open_request@2x.png */ = {isa = PBXFileReference; lastKnownFileType = image.png; path = "open_request@2x.png"; sourceTree = "<group>"; };
		B7D2ABD9191E145E00DC569F /* or.png */ = {isa = PBXFileReference; lastKnownFileType = image.png; path = or.png; sourceTree = "<group>"; };
		B7D2ABDA191E145E00DC569F /* or@2x.png */ = {isa = PBXFileReference; lastKnownFileType = image.png; path = "or@2x.png"; sourceTree = "<group>"; };
		B7D2ABDB191E145E00DC569F /* sign_up_btn.png */ = {isa = PBXFileReference; lastKnownFileType = image.png; path = sign_up_btn.png; sourceTree = "<group>"; };
		B7D2ABDC191E145E00DC569F /* sign_up_btn@2x.png */ = {isa = PBXFileReference; lastKnownFileType = image.png; path = "sign_up_btn@2x.png"; sourceTree = "<group>"; };
		B7D2ABDD191E145E00DC569F /* lets_go_btn.png */ = {isa = PBXFileReference; lastKnownFileType = image.png; path = lets_go_btn.png; sourceTree = "<group>"; };
		B7D2ABDE191E145E00DC569F /* lets_go_btn@2x.png */ = {isa = PBXFileReference; lastKnownFileType = image.png; path = "lets_go_btn@2x.png"; sourceTree = "<group>"; };
		B7D2ABDF191E145E00DC569F /* text_box.png */ = {isa = PBXFileReference; lastKnownFileType = image.png; path = text_box.png; sourceTree = "<group>"; };
		B7D2ABE0191E145E00DC569F /* text_box@2x.png */ = {isa = PBXFileReference; lastKnownFileType = image.png; path = "text_box@2x.png"; sourceTree = "<group>"; };
		B7D2ABE1191E145E00DC569F /* driver_set.png */ = {isa = PBXFileReference; lastKnownFileType = image.png; path = driver_set.png; sourceTree = "<group>"; };
		B7D2ABE2191E145E00DC569F /* driver_set@2x.png */ = {isa = PBXFileReference; lastKnownFileType = image.png; path = "driver_set@2x.png"; sourceTree = "<group>"; };
		B7D2ABE3191E145E00DC569F /* customer.png */ = {isa = PBXFileReference; lastKnownFileType = image.png; path = customer.png; sourceTree = "<group>"; };
		B7D2ABE4191E145E00DC569F /* customer@2x.png */ = {isa = PBXFileReference; lastKnownFileType = image.png; path = "customer@2x.png"; sourceTree = "<group>"; };
		B7D2ABE5191E145E00DC569F /* driver.png */ = {isa = PBXFileReference; lastKnownFileType = image.png; path = driver.png; sourceTree = "<group>"; };
		B7D2ABE6191E145E00DC569F /* driver@2x.png */ = {isa = PBXFileReference; lastKnownFileType = image.png; path = "driver@2x.png"; sourceTree = "<group>"; };
		B7D2ABE7191E145E00DC569F /* customer_set.png */ = {isa = PBXFileReference; lastKnownFileType = image.png; path = customer_set.png; sourceTree = "<group>"; };
		B7D2ABE8191E145E00DC569F /* customer_set@2x.png */ = {isa = PBXFileReference; lastKnownFileType = image.png; path = "customer_set@2x.png"; sourceTree = "<group>"; };
		B7D2ABE9191E145E00DC569F /* save_btn.png */ = {isa = PBXFileReference; lastKnownFileType = image.png; path = save_btn.png; sourceTree = "<group>"; };
		B7D2ABEA191E145E00DC569F /* save_btn@2x.png */ = {isa = PBXFileReference; lastKnownFileType = image.png; path = "save_btn@2x.png"; sourceTree = "<group>"; };
		B7D2ABEB191E145E00DC569F /* clear_btn.png */ = {isa = PBXFileReference; lastKnownFileType = image.png; path = clear_btn.png; sourceTree = "<group>"; };
		B7D2ABEC191E145E00DC569F /* clear_btn@2x.png */ = {isa = PBXFileReference; lastKnownFileType = image.png; path = "clear_btn@2x.png"; sourceTree = "<group>"; };
		B7D2ABED191E145E00DC569F /* length.png */ = {isa = PBXFileReference; lastKnownFileType = image.png; path = length.png; sourceTree = "<group>"; };
		B7D2ABEE191E145E00DC569F /* length@2x.png */ = {isa = PBXFileReference; lastKnownFileType = image.png; path = "length@2x.png"; sourceTree = "<group>"; };
		B7D2ABEF191E145E00DC569F /* time_icon.png */ = {isa = PBXFileReference; lastKnownFileType = image.png; path = time_icon.png; sourceTree = "<group>"; };
		B7D2ABF0191E145E00DC569F /* time_icon@2x.png */ = {isa = PBXFileReference; lastKnownFileType = image.png; path = "time_icon@2x.png"; sourceTree = "<group>"; };
		B7D2ABF1191E145E00DC569F /* weight_icon.png */ = {isa = PBXFileReference; lastKnownFileType = image.png; path = weight_icon.png; sourceTree = "<group>"; };
		B7D2ABF2191E145E00DC569F /* weight_icon@2x.png */ = {isa = PBXFileReference; lastKnownFileType = image.png; path = "weight_icon@2x.png"; sourceTree = "<group>"; };
		B7D2ABF3191E145E00DC569F /* calender_icon.png */ = {isa = PBXFileReference; lastKnownFileType = image.png; path = calender_icon.png; sourceTree = "<group>"; };
		B7D2ABF4191E145E00DC569F /* calender_icon@2x.png */ = {isa = PBXFileReference; lastKnownFileType = image.png; path = "calender_icon@2x.png"; sourceTree = "<group>"; };
		B7D2AC43191E14B600DC569F /* libMobileGestaltExtensions.dylib */ = {isa = PBXFileReference; lastKnownFileType = "compiled.mach-o.dylib"; name = libMobileGestaltExtensions.dylib; path = usr/lib/libMobileGestaltExtensions.dylib; sourceTree = SDKROOT; };
		B7D2AC45191E14BF00DC569F /* MobileCoreServices.framework */ = {isa = PBXFileReference; lastKnownFileType = wrapper.framework; name = MobileCoreServices.framework; path = System/Library/Frameworks/MobileCoreServices.framework; sourceTree = SDKROOT; };
		B7D2AC47191E14C700DC569F /* libz.dylib */ = {isa = PBXFileReference; lastKnownFileType = "compiled.mach-o.dylib"; name = libz.dylib; path = usr/lib/libz.dylib; sourceTree = SDKROOT; };
		B7D2AC49191E14D200DC569F /* SystemConfiguration.framework */ = {isa = PBXFileReference; lastKnownFileType = wrapper.framework; name = SystemConfiguration.framework; path = System/Library/Frameworks/SystemConfiguration.framework; sourceTree = SDKROOT; };
		B7D2AC4B191E150800DC569F /* CFNetwork.framework */ = {isa = PBXFileReference; lastKnownFileType = wrapper.framework; name = CFNetwork.framework; path = System/Library/Frameworks/CFNetwork.framework; sourceTree = SDKROOT; };
/* End PBXFileReference section */

/* Begin PBXFrameworksBuildPhase section */
		B7D2AB22191E136F00DC569F /* Frameworks */ = {
			isa = PBXFrameworksBuildPhase;
			buildActionMask = 2147483647;
			files = (
				B7402D321920727200A09856 /* MapKit.framework in Frameworks */,
				B7D2AC4C191E150800DC569F /* CFNetwork.framework in Frameworks */,
				B7D2AC4A191E14D200DC569F /* SystemConfiguration.framework in Frameworks */,
				B7D2AC48191E14C700DC569F /* libz.dylib in Frameworks */,
				B7D2AC46191E14BF00DC569F /* MobileCoreServices.framework in Frameworks */,
				B7D2AB2B191E136F00DC569F /* CoreGraphics.framework in Frameworks */,
				B7D2AB2D191E136F00DC569F /* UIKit.framework in Frameworks */,
				B7D2AB29191E136F00DC569F /* Foundation.framework in Frameworks */,
			);
			runOnlyForDeploymentPostprocessing = 0;
		};
		B7D2AB3D191E136F00DC569F /* Frameworks */ = {
			isa = PBXFrameworksBuildPhase;
			buildActionMask = 2147483647;
			files = (
				B7D2AB42191E136F00DC569F /* XCTest.framework in Frameworks */,
				B7D2AB44191E136F00DC569F /* UIKit.framework in Frameworks */,
				B7D2AB43191E136F00DC569F /* Foundation.framework in Frameworks */,
			);
			runOnlyForDeploymentPostprocessing = 0;
		};
/* End PBXFrameworksBuildPhase section */

/* Begin PBXGroup section */
		B78FCDDA191E168E0026A8F2 /* Login */ = {
			isa = PBXGroup;
			children = (
				B7D2AB57191E13C900DC569F /* LoginViewController.h */,
				B7D2AB58191E13C900DC569F /* LoginViewController.m */,
				B7D2AB59191E13C900DC569F /* LoginViewController.xib */,
			);
			name = Login;
			sourceTree = "<group>";
		};
		B78FCDDB191E16A20026A8F2 /* SignUp */ = {
			isa = PBXGroup;
			children = (
				B7D2AB5A191E13C900DC569F /* SignUpViewController.h */,
				B7D2AB5B191E13C900DC569F /* SignUpViewController.m */,
				B7D2AB5C191E13C900DC569F /* SignUpViewController.xib */,
			);
			name = SignUp;
			sourceTree = "<group>";
		};
		B78FCDE3191F8EFA0026A8F2 /* NewRequest */ = {
			isa = PBXGroup;
			children = (
				B78FCDDE191F8EEB0026A8F2 /* NewRequestViewController.h */,
				B78FCDDF191F8EEB0026A8F2 /* NewRequestViewController.m */,
				B78FCDE0191F8EEB0026A8F2 /* NewRequestViewController.xib */,
			);
			name = NewRequest;
			sourceTree = "<group>";
		};
		B78FCDE9191FDE0D0026A8F2 /* Home */ = {
			isa = PBXGroup;
			children = (
				B78FCDE4191FDDF70026A8F2 /* HomeViewController.h */,
				B78FCDE5191FDDF70026A8F2 /* HomeViewController.m */,
				B78FCDE6191FDDF70026A8F2 /* HomeViewController.xib */,
				B78FCE1019200E9E0026A8F2 /* BaseViewController.h */,
				B78FCE1119200E9E0026A8F2 /* BaseViewController.m */,
				B78FCE1219200E9E0026A8F2 /* BaseViewController.xib */,
			);
			name = Home;
			sourceTree = "<group>";
		};
		B78FCE03191FF9A40026A8F2 /* OpenRequest */ = {
			isa = PBXGroup;
			children = (
				B78FCDEA191FF9680026A8F2 /* OpenRequestViewController.h */,
				B78FCDEB191FF9680026A8F2 /* OpenRequestViewController.m */,
				B78FCDEC191FF9680026A8F2 /* OpenRequestViewController.xib */,
				B78FCDE3191F8EFA0026A8F2 /* NewRequest */,
			);
			name = OpenRequest;
			sourceTree = "<group>";
		};
		B78FCE05191FF9C30026A8F2 /* MyRequest */ = {
			isa = PBXGroup;
			children = (
				B78FCDEF191FF9730026A8F2 /* MyRequestViewController.h */,
				B78FCDF0191FF9730026A8F2 /* MyRequestViewController.m */,
				B78FCDF1191FF9730026A8F2 /* MyRequestViewController.xib */,
			);
			name = MyRequest;
			sourceTree = "<group>";
		};
		B78FCE06191FF9D00026A8F2 /* OpenTrip */ = {
			isa = PBXGroup;
			children = (
				B78FCDF4191FF9880026A8F2 /* OpenTripViewController.h */,
				B78FCDF5191FF9880026A8F2 /* OpenTripViewController.m */,
				B78FCDF6191FF9880026A8F2 /* OpenTripViewController.xib */,
			);
			name = OpenTrip;
			sourceTree = "<group>";
		};
		B78FCE07191FF9DE0026A8F2 /* Map */ = {
			isa = PBXGroup;
			children = (
				B78FCDF9191FF9910026A8F2 /* MapViewController.h */,
				B78FCDFA191FF9910026A8F2 /* MapViewController.m */,
				B78FCDFB191FF9910026A8F2 /* MapViewController.xib */,
			);
			name = Map;
			sourceTree = "<group>";
		};
		B78FCE08191FF9EB0026A8F2 /* Profile */ = {
			isa = PBXGroup;
			children = (
				B78FCDFE191FF99A0026A8F2 /* ProfileViewController.h */,
				B78FCDFF191FF99A0026A8F2 /* ProfileViewController.m */,
				B78FCE00191FF99A0026A8F2 /* ProfileViewController.xib */,
			);
			name = Profile;
			sourceTree = "<group>";
		};
		B78FCE0F19200E430026A8F2 /* PPReveal */ = {
			isa = PBXGroup;
			children = (
				B78FCE0C19200E3E0026A8F2 /* PPRevealSideViewController.h */,
				B78FCE0D19200E3E0026A8F2 /* PPRevealSideViewController.m */,
			);
			name = PPReveal;
			sourceTree = "<group>";
		};
		B7D2AB1C191E136F00DC569F = {
			isa = PBXGroup;
			children = (
				B7D2AB2E191E136F00DC569F /* i9entregas */,
				B7D2AB47191E136F00DC569F /* i9entregasTests */,
				B7D2AB27191E136F00DC569F /* Frameworks */,
				B7D2AB26191E136F00DC569F /* Products */,
			);
			sourceTree = "<group>";
		};
		B7D2AB26191E136F00DC569F /* Products */ = {
			isa = PBXGroup;
			children = (
				B7D2AB25191E136F00DC569F /* i9entregas.app */,
				B7D2AB40191E136F00DC569F /* i9entregasTests.xctest */,
			);
			name = Products;
			sourceTree = "<group>";
		};
		B7D2AB27191E136F00DC569F /* Frameworks */ = {
			isa = PBXGroup;
			children = (
				B7402D311920727200A09856 /* MapKit.framework */,
				B7D2AC4B191E150800DC569F /* CFNetwork.framework */,
				B7D2AC49191E14D200DC569F /* SystemConfiguration.framework */,
				B7D2AC47191E14C700DC569F /* libz.dylib */,
				B7D2AC45191E14BF00DC569F /* MobileCoreServices.framework */,
				B7D2AC43191E14B600DC569F /* libMobileGestaltExtensions.dylib */,
				B7D2AB28191E136F00DC569F /* Foundation.framework */,
				B7D2AB2A191E136F00DC569F /* CoreGraphics.framework */,
				B7D2AB2C191E136F00DC569F /* UIKit.framework */,
				B7D2AB41191E136F00DC569F /* XCTest.framework */,
			);
			name = Frameworks;
			sourceTree = "<group>";
		};
		B7D2AB2E191E136F00DC569F /* i9entregas */ = {
			isa = PBXGroup;
			children = (
				B7D2AB37191E136F00DC569F /* AppDelegate.h */,
				B7D2AB38191E136F00DC569F /* AppDelegate.m */,
				B78FCE09192007CE0026A8F2 /* Cell.h */,
				B78FCE0A192007CE0026A8F2 /* Cell.m */,
				B78FCDDC191E28780026A8F2 /* View.xib */,
				B72B39CE1921B5AF001F323C /* SideViewController.h */,
				B72B39CF1921B5AF001F323C /* SideViewController.m */,
				B72B39D01921B5AF001F323C /* SideViewController.xib */,
				B78FCDDA191E168E0026A8F2 /* Login */,
				B78FCDDB191E16A20026A8F2 /* SignUp */,
				B78FCDE9191FDE0D0026A8F2 /* Home */,
				B78FCE03191FF9A40026A8F2 /* OpenRequest */,
				B78FCE05191FF9C30026A8F2 /* MyRequest */,
				B78FCE06191FF9D00026A8F2 /* OpenTrip */,
				B78FCE07191FF9DE0026A8F2 /* Map */,
				B78FCE08191FF9EB0026A8F2 /* Profile */,
				B7D2AB3A191E136F00DC569F /* Images.xcassets */,
				B7D2AB2F191E136F00DC569F /* Supporting Files */,
			);
			path = i9entregas;
			sourceTree = "<group>";
		};
		B7D2AB2F191E136F00DC569F /* Supporting Files */ = {
			isa = PBXGroup;
			children = (
				B78FCE0F19200E430026A8F2 /* PPReveal */,
				B7D2ABA6191E144C00DC569F /* Images */,
				B7D2AB86191E143100DC569F /* ASIHTTPRequest */,
				B7D2AB85191E142100DC569F /* MBProgressHUD */,
				B7D2AB80191E141200DC569F /* IQKeyboardManager.bundle */,
				B7D2AB61191E13E100DC569F /* IQKeyBoardManager */,
				B7D2AB30191E136F00DC569F /* i9entregas-Info.plist */,
				B7D2AB31191E136F00DC569F /* InfoPlist.strings */,
				B7D2AB34191E136F00DC569F /* main.m */,
				B7D2AB36191E136F00DC569F /* i9entregas-Prefix.pch */,
			);
			name = "Supporting Files";
			sourceTree = "<group>";
		};
		B7D2AB47191E136F00DC569F /* i9entregasTests */ = {
			isa = PBXGroup;
			children = (
				B7D2AB4D191E136F00DC569F /* i9entregasTests.m */,
				B7D2AB48191E136F00DC569F /* Supporting Files */,
			);
			path = i9entregasTests;
			sourceTree = "<group>";
		};
		B7D2AB48191E136F00DC569F /* Supporting Files */ = {
			isa = PBXGroup;
			children = (
				B7D2AB49191E136F00DC569F /* i9entregasTests-Info.plist */,
				B7D2AB4A191E136F00DC569F /* InfoPlist.strings */,
			);
			name = "Supporting Files";
			sourceTree = "<group>";
		};
		B7D2AB61191E13E100DC569F /* IQKeyBoardManager */ = {
			isa = PBXGroup;
			children = (
				B7D2AB62191E13FB00DC569F /* IQKeyboardManager.h */,
				B7D2AB63191E13FB00DC569F /* IQKeyboardManager.m */,
				B7D2AB64191E13FB00DC569F /* IQUIView+IQKeyboardToolbar.h */,
				B7D2AB65191E13FB00DC569F /* IQUIView+IQKeyboardToolbar.m */,
				B7D2AB66191E13FB00DC569F /* IQKeyboardManagerConstants.h */,
				B7D2AB67191E13FB00DC569F /* IQToolbar.h */,
				B7D2AB68191E13FB00DC569F /* IQToolbar.m */,
				B7D2AB69191E13FB00DC569F /* IQTextView.h */,
				B7D2AB6A191E13FB00DC569F /* IQTextView.m */,
				B7D2AB6B191E13FB00DC569F /* IQTitleBarButtonItem.h */,
				B7D2AB6C191E13FB00DC569F /* IQTitleBarButtonItem.m */,
				B7D2AB6D191E13FB00DC569F /* IQSegmentedNextPrevious.h */,
				B7D2AB6E191E13FB00DC569F /* IQSegmentedNextPrevious.m */,
				B7D2AB6F191E13FB00DC569F /* IQKeyboardManagerConstantsInternal.h */,
				B7D2AB70191E13FB00DC569F /* IQUIView+Hierarchy.h */,
				B7D2AB71191E13FB00DC569F /* IQUIView+Hierarchy.m */,
				B7D2AB72191E13FB00DC569F /* IQUIWindow+Hierarchy.h */,
				B7D2AB73191E13FB00DC569F /* IQUIWindow+Hierarchy.m */,
				B7D2AB74191E13FB00DC569F /* IQNSArray+Sort.h */,
				B7D2AB75191E13FB00DC569F /* IQNSArray+Sort.m */,
				B7D2AB76191E13FB00DC569F /* KeyboardManager.h */,
			);
			name = IQKeyBoardManager;
			sourceTree = "<group>";
		};
		B7D2AB85191E142100DC569F /* MBProgressHUD */ = {
			isa = PBXGroup;
			children = (
				B7D2AB82191E141C00DC569F /* MBProgressHUD.h */,
				B7D2AB83191E141C00DC569F /* MBProgressHUD.m */,
			);
			name = MBProgressHUD;
			sourceTree = "<group>";
		};
		B7D2AB86191E143100DC569F /* ASIHTTPRequest */ = {
			isa = PBXGroup;
			children = (
				B7D2AB87191E144200DC569F /* Reachability.h */,
				B7D2AB88191E144200DC569F /* Reachability.m */,
				B7D2AB89191E144200DC569F /* ASIAuthenticationDialog.h */,
				B7D2AB8A191E144200DC569F /* ASIAuthenticationDialog.m */,
				B7D2AB8B191E144200DC569F /* ASICacheDelegate.h */,
				B7D2AB8C191E144200DC569F /* ASIDataCompressor.h */,
				B7D2AB8D191E144200DC569F /* ASIDataCompressor.m */,
				B7D2AB8E191E144200DC569F /* ASIDataDecompressor.h */,
				B7D2AB8F191E144200DC569F /* ASIDataDecompressor.m */,
				B7D2AB90191E144200DC569F /* ASIDownloadCache.h */,
				B7D2AB91191E144200DC569F /* ASIDownloadCache.m */,
				B7D2AB92191E144200DC569F /* ASIFormDataRequest.h */,
				B7D2AB93191E144200DC569F /* ASIFormDataRequest.m */,
				B7D2AB94191E144200DC569F /* ASIHTTPRequest.h */,
				B7D2AB95191E144200DC569F /* ASIHTTPRequest.m */,
				B7D2AB96191E144200DC569F /* ASIHTTPRequestConfig.h */,
				B7D2AB97191E144200DC569F /* ASIHTTPRequestDelegate.h */,
				B7D2AB98191E144200DC569F /* ASIInputStream.h */,
				B7D2AB99191E144200DC569F /* ASIInputStream.m */,
				B7D2AB9A191E144200DC569F /* ASINetworkQueue.h */,
				B7D2AB9B191E144200DC569F /* ASINetworkQueue.m */,
				B7D2AB9C191E144200DC569F /* ASIProgressDelegate.h */,
			);
			name = ASIHTTPRequest;
			sourceTree = "<group>";
		};
		B7D2ABA6191E144C00DC569F /* Images */ = {
			isa = PBXGroup;
			children = (
				B73E40721925B40700408A82 /* Back.png */,
				B73E406A192594FE00408A82 /* power.png */,
				B73E406B192594FE00408A82 /* map.png */,
				B73E406C192594FE00408A82 /* basket.png */,
				B73E406D192594FE00408A82 /* man.png */,
				B73E406619258FBF00408A82 /* customerU.png */,
				B73E406719258FBF00408A82 /* driverU.png */,
				B73E406419258AFC00408A82 /* headerLogo.png */,
				B73E405C1924EE7A00408A82 /* section_header_base.png */,
				B73E405D1924EE7A00408A82 /* section_header_base@2x.png */,
				B73E405E1924EE7A00408A82 /* edit_icon.png */,
				B73E405F1924EE7A00408A82 /* edit_icon@2x.png */,
				B7D2ABC5191E145E00DC569F /* add_icon.png */,
				B7D2ABC6191E145E00DC569F /* add_icon@2x.png */,
				B7D2ABB9191E145E00DC569F /* arrow_more.png */,
				B7D2ABBA191E145E00DC569F /* arrow_more@2x.png */,
				B7D2ABC7191E145E00DC569F /* back_btn_arrow.png */,
				B7D2ABC8191E145E00DC569F /* back_btn_arrow@2x.png */,
				B7D2ABF3191E145E00DC569F /* calender_icon.png */,
				B7D2ABF4191E145E00DC569F /* calender_icon@2x.png */,
				B7D2ABB7191E145E00DC569F /* check.png */,
				B7D2ABB8191E145E00DC569F /* check@2x.png */,
				B7D2ABEB191E145E00DC569F /* clear_btn.png */,
				B7D2ABEC191E145E00DC569F /* clear_btn@2x.png */,
				B7D2ABE3191E145E00DC569F /* customer.png */,
				B7D2ABE4191E145E00DC569F /* customer@2x.png */,
				B7D2ABE7191E145E00DC569F /* customer_set.png */,
				B7D2ABE8191E145E00DC569F /* customer_set@2x.png */,
				B7D2ABC3191E145E00DC569F /* Default.png */,
				B7D2ABC4191E145E00DC569F /* Default@2x.png */,
				B7D2ABA7191E145E00DC569F /* devider.png */,
				B7D2ABA8191E145E00DC569F /* devider@2x.png */,
				B7D2ABB1191E145E00DC569F /* down_arrow.png */,
				B7D2ABB2191E145E00DC569F /* down_arrow@2x.png */,
				B7D2ABE5191E145E00DC569F /* driver.png */,
				B7D2ABE6191E145E00DC569F /* driver@2x.png */,
				B7D2ABE1191E145E00DC569F /* driver_set.png */,
				B7D2ABE2191E145E00DC569F /* driver_set@2x.png */,
				B7D2ABED191E145E00DC569F /* length.png */,
				B7D2ABEE191E145E00DC569F /* length@2x.png */,
				B7D2ABDD191E145E00DC569F /* lets_go_btn.png */,
				B7D2ABDE191E145E00DC569F /* lets_go_btn@2x.png */,
				B7D2ABCF191E145E00DC569F /* log_out.png */,
				B7D2ABD0191E145E00DC569F /* log_out@2x.png */,
				B7D2ABCB191E145E00DC569F /* logo.png */,
				B7D2ABCC191E145E00DC569F /* logo@2x.png */,
				B7D2ABD5191E145E00DC569F /* maps.png */,
				B7D2ABD6191E145E00DC569F /* maps@2x.png */,
				B7D2ABAF191E145E00DC569F /* menu_down_small.png */,
				B7D2ABB0191E145E00DC569F /* menu_down_small@2x.png */,
				B7D2ABC9191E145E00DC569F /* menu_seader.png */,
				B7D2ABCA191E145E00DC569F /* menu_seader@2x.png */,
				B73E40541924E68000408A82 /* my_request.png */,
				B73E40551924E68000408A82 /* my_request@2x.png */,
				B7D2ABCD191E145E00DC569F /* my_trips.png */,
				B7D2ABCE191E145E00DC569F /* my_trips@2x.png */,
				B7D2ABD7191E145E00DC569F /* open_request.png */,
				B7D2ABD8191E145E00DC569F /* open_request@2x.png */,
				B73E40561924E68000408A82 /* open_trips.png */,
				B73E40571924E68000408A82 /* open_trips@2x.png */,
				B7D2ABD9191E145E00DC569F /* or.png */,
				B7D2ABDA191E145E00DC569F /* or@2x.png */,
				B7D2ABD3191E145E00DC569F /* profile.png */,
				B7D2ABD4191E145E00DC569F /* profile@2x.png */,
				B7D2ABB3191E145E00DC569F /* return_box.png */,
				B7D2ABB4191E145E00DC569F /* return_box@2x.png */,
				B7D2ABE9191E145E00DC569F /* save_btn.png */,
				B7D2ABEA191E145E00DC569F /* save_btn@2x.png */,
				B7D2ABBF191E145E00DC569F /* search_base.png */,
				B7D2ABC0191E145E00DC569F /* search_base@2x.png */,
				B7D2ABBD191E145E00DC569F /* search_field.png */,
				B7D2ABBE191E145E00DC569F /* search_field@2x.png */,
				B7D2ABC1191E145E00DC569F /* search_icon.png */,
				B7D2ABC2191E145E00DC569F /* search_icon@2x.png */,
				B7D2ABD1191E145E00DC569F /* settings.png */,
				B7D2ABD2191E145E00DC569F /* settings@2x.png */,
				B7D2ABBB191E145E00DC569F /* side_menu.png */,
				B7D2ABBC191E145E00DC569F /* side_menu@2x.png */,
				B7D2ABDB191E145E00DC569F /* sign_up_btn.png */,
				B7D2ABDC191E145E00DC569F /* sign_up_btn@2x.png */,
				B7D2ABAB191E145E00DC569F /* submit__main_btn.png */,
				B7D2ABAC191E145E00DC569F /* submit__main_btn@2x.png */,
				B7D2ABA9191E145E00DC569F /* submit_btn.png */,
				B7D2ABAA191E145E00DC569F /* submit_btn@2x.png */,
				B7D2ABAD191E145E00DC569F /* submit_text_field.png */,
				B7D2ABAE191E145E00DC569F /* submit_text_field@2x.png */,
				B7D2ABDF191E145E00DC569F /* text_box.png */,
				B7D2ABE0191E145E00DC569F /* text_box@2x.png */,
				B7D2ABEF191E145E00DC569F /* time_icon.png */,
				B7D2ABF0191E145E00DC569F /* time_icon@2x.png */,
				B7D2ABB5191E145E00DC569F /* un_check.png */,
				B7D2ABB6191E145E00DC569F /* un_check@2x.png */,
				B7D2ABF1191E145E00DC569F /* weight_icon.png */,
				B7D2ABF2191E145E00DC569F /* weight_icon@2x.png */,
			);
			name = Images;
			sourceTree = "<group>";
		};
/* End PBXGroup section */

/* Begin PBXNativeTarget section */
		B7D2AB24191E136F00DC569F /* i9entregas */ = {
			isa = PBXNativeTarget;
			buildConfigurationList = B7D2AB51191E136F00DC569F /* Build configuration list for PBXNativeTarget "i9entregas" */;
			buildPhases = (
				B7D2AB21191E136F00DC569F /* Sources */,
				B7D2AB22191E136F00DC569F /* Frameworks */,
				B7D2AB23191E136F00DC569F /* Resources */,
			);
			buildRules = (
			);
			dependencies = (
			);
			name = i9entregas;
			productName = i9entregas;
			productReference = B7D2AB25191E136F00DC569F /* i9entregas.app */;
			productType = "com.apple.product-type.application";
		};
		B7D2AB3F191E136F00DC569F /* i9entregasTests */ = {
			isa = PBXNativeTarget;
			buildConfigurationList = B7D2AB54191E136F00DC569F /* Build configuration list for PBXNativeTarget "i9entregasTests" */;
			buildPhases = (
				B7D2AB3C191E136F00DC569F /* Sources */,
				B7D2AB3D191E136F00DC569F /* Frameworks */,
				B7D2AB3E191E136F00DC569F /* Resources */,
			);
			buildRules = (
			);
			dependencies = (
				B7D2AB46191E136F00DC569F /* PBXTargetDependency */,
			);
			name = i9entregasTests;
			productName = i9entregasTests;
			productReference = B7D2AB40191E136F00DC569F /* i9entregasTests.xctest */;
			productType = "com.apple.product-type.bundle.unit-test";
		};
/* End PBXNativeTarget section */

/* Begin PBXProject section */
		B7D2AB1D191E136F00DC569F /* Project object */ = {
			isa = PBXProject;
			attributes = {
				LastUpgradeCheck = 0500;
				ORGANIZATIONNAME = "Rahul Bansal";
				TargetAttributes = {
					B7D2AB3F191E136F00DC569F = {
						TestTargetID = B7D2AB24191E136F00DC569F;
					};
				};
			};
			buildConfigurationList = B7D2AB20191E136F00DC569F /* Build configuration list for PBXProject "i9entregas" */;
			compatibilityVersion = "Xcode 3.2";
			developmentRegion = English;
			hasScannedForEncodings = 0;
			knownRegions = (
				en,
			);
			mainGroup = B7D2AB1C191E136F00DC569F;
			productRefGroup = B7D2AB26191E136F00DC569F /* Products */;
			projectDirPath = "";
			projectRoot = "";
			targets = (
				B7D2AB24191E136F00DC569F /* i9entregas */,
				B7D2AB3F191E136F00DC569F /* i9entregasTests */,
			);
		};
/* End PBXProject section */

/* Begin PBXResourcesBuildPhase section */
		B7D2AB23191E136F00DC569F /* Resources */ = {
			isa = PBXResourcesBuildPhase;
			buildActionMask = 2147483647;
			files = (
				B7D2AC36191E145E00DC569F /* customer_set@2x.png in Resources */,
				B7D2AC1F191E145E00DC569F /* settings.png in Resources */,
				B7D2AC3F191E145E00DC569F /* weight_icon.png in Resources */,
				B72B39D21921B5AF001F323C /* SideViewController.xib in Resources */,
				B73E40631924EE7A00408A82 /* edit_icon@2x.png in Resources */,
				B7D2AC14191E145E00DC569F /* add_icon@2x.png in Resources */,
				B7D2AC3B191E145E00DC569F /* length.png in Resources */,
				B7D2AC20191E145E00DC569F /* settings@2x.png in Resources */,
				B73E4070192594FE00408A82 /* basket.png in Resources */,
				B7D2AC0F191E145E00DC569F /* search_icon.png in Resources */,
				B7D2AC32191E145E00DC569F /* customer@2x.png in Resources */,
				B7D2AC23191E145E00DC569F /* maps.png in Resources */,
				B7D2AC0B191E145E00DC569F /* search_field.png in Resources */,
				B7D2ABF7191E145E00DC569F /* submit_btn.png in Resources */,
				B7D2AB81191E141200DC569F /* IQKeyboardManager.bundle in Resources */,
				B7D2AC29191E145E00DC569F /* sign_up_btn.png in Resources */,
				B73E406919258FBF00408A82 /* driverU.png in Resources */,
				B78FCDFD191FF9910026A8F2 /* MapViewController.xib in Resources */,
				B7D2AC3C191E145E00DC569F /* length@2x.png in Resources */,
				B7D2AC35191E145E00DC569F /* customer_set.png in Resources */,
				B7D2ABFD191E145E00DC569F /* menu_down_small.png in Resources */,
				B7D2AC1C191E145E00DC569F /* my_trips@2x.png in Resources */,
				B73E40581924E68000408A82 /* my_request.png in Resources */,
				B73E406819258FBF00408A82 /* customerU.png in Resources */,
				B7D2ABFF191E145E00DC569F /* down_arrow.png in Resources */,
				B7D2AC05191E145E00DC569F /* check.png in Resources */,
				B73E40621924EE7A00408A82 /* edit_icon.png in Resources */,
				B7D2ABFA191E145E00DC569F /* submit__main_btn@2x.png in Resources */,
				B7D2AC0E191E145E00DC569F /* search_base@2x.png in Resources */,
				B7D2ABFB191E145E00DC569F /* submit_text_field.png in Resources */,
				B7D2AC25191E145E00DC569F /* open_request.png in Resources */,
				B7D2AC28191E145E00DC569F /* or@2x.png in Resources */,
				B7D2AC2B191E145E00DC569F /* lets_go_btn.png in Resources */,
				B78FCDEE191FF9680026A8F2 /* OpenRequestViewController.xib in Resources */,
				B78FCDF3191FF9730026A8F2 /* MyRequestViewController.xib in Resources */,
				B7D2AC22191E145E00DC569F /* profile@2x.png in Resources */,
				B7D2ABFE191E145E00DC569F /* menu_down_small@2x.png in Resources */,
				B7D2AB33191E136F00DC569F /* InfoPlist.strings in Resources */,
				B78FCDDD191E28780026A8F2 /* View.xib in Resources */,
				B7D2AC37191E145E00DC569F /* save_btn.png in Resources */,
				B7D2AC0A191E145E00DC569F /* side_menu@2x.png in Resources */,
				B7D2ABFC191E145E00DC569F /* submit_text_field@2x.png in Resources */,
				B7D2AC11191E145E00DC569F /* Default.png in Resources */,
				B7D2AC38191E145E00DC569F /* save_btn@2x.png in Resources */,
				B7D2AC04191E145E00DC569F /* un_check@2x.png in Resources */,
				B7D2ABF6191E145E00DC569F /* devider@2x.png in Resources */,
				B7D2AC02191E145E00DC569F /* return_box@2x.png in Resources */,
				B7D2AC0C191E145E00DC569F /* search_field@2x.png in Resources */,
				B7D2AC3E191E145E00DC569F /* time_icon@2x.png in Resources */,
				B78FCE02191FF99A0026A8F2 /* ProfileViewController.xib in Resources */,
				B7D2AC18191E145E00DC569F /* menu_seader@2x.png in Resources */,
				B7D2AC24191E145E00DC569F /* maps@2x.png in Resources */,
				B73E40601924EE7A00408A82 /* section_header_base.png in Resources */,
				B73E406F192594FE00408A82 /* map.png in Resources */,
				B7D2ABF8191E145E00DC569F /* submit_btn@2x.png in Resources */,
				B7D2AC33191E145E00DC569F /* driver.png in Resources */,
				B7D2AC15191E145E00DC569F /* back_btn_arrow.png in Resources */,
				B7D2AC1A191E145E00DC569F /* logo@2x.png in Resources */,
				B7D2AC07191E145E00DC569F /* arrow_more.png in Resources */,
				B7D2AC0D191E145E00DC569F /* search_base.png in Resources */,
				B7D2AC00191E145E00DC569F /* down_arrow@2x.png in Resources */,
				B7D2AC3D191E145E00DC569F /* time_icon.png in Resources */,
				B7D2AB3B191E136F00DC569F /* Images.xcassets in Resources */,
				B7D2AC17191E145E00DC569F /* menu_seader.png in Resources */,
				B73E405B1924E68000408A82 /* open_trips@2x.png in Resources */,
				B7D2AC30191E145E00DC569F /* driver_set@2x.png in Resources */,
				B7D2AC2A191E145E00DC569F /* sign_up_btn@2x.png in Resources */,
				B7D2AC09191E145E00DC569F /* side_menu.png in Resources */,
				B7D2AC12191E145E00DC569F /* Default@2x.png in Resources */,
				B73E40611924EE7A00408A82 /* section_header_base@2x.png in Resources */,
				B7D2AC2D191E145E00DC569F /* text_box.png in Resources */,
				B7D2AC2C191E145E00DC569F /* lets_go_btn@2x.png in Resources */,
				B73E40591924E68000408A82 /* my_request@2x.png in Resources */,
				B78FCE1419200E9E0026A8F2 /* BaseViewController.xib in Resources */,
				B7D2ABF5191E145E00DC569F /* devider.png in Resources */,
				B7D2AC03191E145E00DC569F /* un_check.png in Resources */,
				B78FCDF8191FF9880026A8F2 /* OpenTripViewController.xib in Resources */,
				B73E405A1924E68000408A82 /* open_trips.png in Resources */,
				B7D2AC34191E145E00DC569F /* driver@2x.png in Resources */,
				B7D2AC19191E145E00DC569F /* logo.png in Resources */,
				B7D2AC3A191E145E00DC569F /* clear_btn@2x.png in Resources */,
				B7D2AC1B191E145E00DC569F /* my_trips.png in Resources */,
				B7D2AC31191E145E00DC569F /* customer.png in Resources */,
				B7D2AC27191E145E00DC569F /* or.png in Resources */,
				B7D2AC39191E145E00DC569F /* clear_btn.png in Resources */,
				B7D2AC2E191E145E00DC569F /* text_box@2x.png in Resources */,
				B7D2AB60191E13C900DC569F /* SignUpViewController.xib in Resources */,
				B7D2AC26191E145E00DC569F /* open_request@2x.png in Resources */,
				B73E406E192594FE00408A82 /* power.png in Resources */,
				B78FCDE8191FDDF80026A8F2 /* HomeViewController.xib in Resources */,
				B7D2AC10191E145E00DC569F /* search_icon@2x.png in Resources */,
				B7D2AC01191E145E00DC569F /* return_box.png in Resources */,
				B73E406519258AFC00408A82 /* headerLogo.png in Resources */,
				B7D2AC1D191E145E00DC569F /* log_out.png in Resources */,
				B7D2AB5E191E13C900DC569F /* LoginViewController.xib in Resources */,
				B7D2AC41191E145E00DC569F /* calender_icon.png in Resources */,
				B7D2AC2F191E145E00DC569F /* driver_set.png in Resources */,
				B7D2AC21191E145E00DC569F /* profile.png in Resources */,
				B7D2AC13191E145E00DC569F /* add_icon.png in Resources */,
				B7D2AC40191E145E00DC569F /* weight_icon@2x.png in Resources */,
				B73E40731925B40700408A82 /* Back.png in Resources */,
				B7D2AC08191E145E00DC569F /* arrow_more@2x.png in Resources */,
				B78FCDE2191F8EEB0026A8F2 /* NewRequestViewController.xib in Resources */,
				B73E4071192594FE00408A82 /* man.png in Resources */,
				B7D2ABF9191E145E00DC569F /* submit__main_btn.png in Resources */,
				B7D2AC1E191E145E00DC569F /* log_out@2x.png in Resources */,
				B7D2AC06191E145E00DC569F /* check@2x.png in Resources */,
				B7D2AC42191E145E00DC569F /* calender_icon@2x.png in Resources */,
				B7D2AC16191E145E00DC569F /* back_btn_arrow@2x.png in Resources */,
			);
			runOnlyForDeploymentPostprocessing = 0;
		};
		B7D2AB3E191E136F00DC569F /* Resources */ = {
			isa = PBXResourcesBuildPhase;
			buildActionMask = 2147483647;
			files = (
				B7D2AB4C191E136F00DC569F /* InfoPlist.strings in Resources */,
			);
			runOnlyForDeploymentPostprocessing = 0;
		};
/* End PBXResourcesBuildPhase section */

/* Begin PBXSourcesBuildPhase section */
		B7D2AB21191E136F00DC569F /* Sources */ = {
			isa = PBXSourcesBuildPhase;
			buildActionMask = 2147483647;
			files = (
				B7D2AB77191E13FB00DC569F /* IQKeyboardManager.m in Sources */,
				B72B39D11921B5AF001F323C /* SideViewController.m in Sources */,
				B7D2AB9E191E144200DC569F /* ASIAuthenticationDialog.m in Sources */,
				B7D2AB7A191E13FC00DC569F /* IQTextView.m in Sources */,
				B78FCDE7191FDDF80026A8F2 /* HomeViewController.m in Sources */,
				B78FCE01191FF99A0026A8F2 /* ProfileViewController.m in Sources */,
				B78FCDED191FF9680026A8F2 /* OpenRequestViewController.m in Sources */,
				B7D2AB78191E13FB00DC569F /* IQUIView+IQKeyboardToolbar.m in Sources */,
				B7D2AB7F191E13FC00DC569F /* IQNSArray+Sort.m in Sources */,
				B7D2ABA0191E144200DC569F /* ASIDataDecompressor.m in Sources */,
				B7D2AB9D191E144200DC569F /* Reachability.m in Sources */,
				B7D2AB7E191E13FC00DC569F /* IQUIWindow+Hierarchy.m in Sources */,
				B7D2AB7D191E13FC00DC569F /* IQUIView+Hierarchy.m in Sources */,
				B7D2AB79191E13FC00DC569F /* IQToolbar.m in Sources */,
				B78FCE1319200E9E0026A8F2 /* BaseViewController.m in Sources */,
				B7D2ABA5191E144200DC569F /* ASINetworkQueue.m in Sources */,
				B7D2AB7B191E13FC00DC569F /* IQTitleBarButtonItem.m in Sources */,
				B7D2ABA3191E144200DC569F /* ASIHTTPRequest.m in Sources */,
				B78FCE0B192007CE0026A8F2 /* Cell.m in Sources */,
				B7D2AB39191E136F00DC569F /* AppDelegate.m in Sources */,
				B7D2ABA1191E144200DC569F /* ASIDownloadCache.m in Sources */,
				B7D2AB9F191E144200DC569F /* ASIDataCompressor.m in Sources */,
				B7D2AB35191E136F00DC569F /* main.m in Sources */,
				B7D2ABA2191E144200DC569F /* ASIFormDataRequest.m in Sources */,
				B7D2AB5F191E13C900DC569F /* SignUpViewController.m in Sources */,
				B7D2ABA4191E144200DC569F /* ASIInputStream.m in Sources */,
				B78FCDF2191FF9730026A8F2 /* MyRequestViewController.m in Sources */,
				B78FCDFC191FF9910026A8F2 /* MapViewController.m in Sources */,
				B78FCE0E19200E3E0026A8F2 /* PPRevealSideViewController.m in Sources */,
				B78FCDF7191FF9880026A8F2 /* OpenTripViewController.m in Sources */,
				B7D2AB7C191E13FC00DC569F /* IQSegmentedNextPrevious.m in Sources */,
				B7D2AB5D191E13C900DC569F /* LoginViewController.m in Sources */,
				B7D2AB84191E141C00DC569F /* MBProgressHUD.m in Sources */,
				B78FCDE1191F8EEB0026A8F2 /* NewRequestViewController.m in Sources */,
			);
			runOnlyForDeploymentPostprocessing = 0;
		};
		B7D2AB3C191E136F00DC569F /* Sources */ = {
			isa = PBXSourcesBuildPhase;
			buildActionMask = 2147483647;
			files = (
				B7D2AB4E191E136F00DC569F /* i9entregasTests.m in Sources */,
			);
			runOnlyForDeploymentPostprocessing = 0;
		};
/* End PBXSourcesBuildPhase section */

/* Begin PBXTargetDependency section */
		B7D2AB46191E136F00DC569F /* PBXTargetDependency */ = {
			isa = PBXTargetDependency;
			target = B7D2AB24191E136F00DC569F /* i9entregas */;
			targetProxy = B7D2AB45191E136F00DC569F /* PBXContainerItemProxy */;
		};
/* End PBXTargetDependency section */

/* Begin PBXVariantGroup section */
		B7D2AB31191E136F00DC569F /* InfoPlist.strings */ = {
			isa = PBXVariantGroup;
			children = (
				B7D2AB32191E136F00DC569F /* en */,
			);
			name = InfoPlist.strings;
			sourceTree = "<group>";
		};
		B7D2AB4A191E136F00DC569F /* InfoPlist.strings */ = {
			isa = PBXVariantGroup;
			children = (
				B7D2AB4B191E136F00DC569F /* en */,
			);
			name = InfoPlist.strings;
			sourceTree = "<group>";
		};
/* End PBXVariantGroup section */

/* Begin XCBuildConfiguration section */
		B7D2AB4F191E136F00DC569F /* Debug */ = {
			isa = XCBuildConfiguration;
			buildSettings = {
				ALWAYS_SEARCH_USER_PATHS = NO;
				ARCHS = "$(ARCHS_STANDARD_INCLUDING_64_BIT)";
				CLANG_CXX_LANGUAGE_STANDARD = "gnu++0x";
				CLANG_CXX_LIBRARY = "libc++";
				CLANG_ENABLE_MODULES = YES;
				CLANG_ENABLE_OBJC_ARC = YES;
				CLANG_WARN_BOOL_CONVERSION = YES;
				CLANG_WARN_CONSTANT_CONVERSION = YES;
				CLANG_WARN_DIRECT_OBJC_ISA_USAGE = YES_ERROR;
				CLANG_WARN_EMPTY_BODY = YES;
				CLANG_WARN_ENUM_CONVERSION = YES;
				CLANG_WARN_INT_CONVERSION = YES;
				CLANG_WARN_OBJC_ROOT_CLASS = YES_ERROR;
				CLANG_WARN__DUPLICATE_METHOD_MATCH = YES;
				"CODE_SIGN_IDENTITY[sdk=iphoneos*]" = "iPhone Developer";
				COPY_PHASE_STRIP = NO;
				GCC_C_LANGUAGE_STANDARD = gnu99;
				GCC_DYNAMIC_NO_PIC = NO;
				GCC_OPTIMIZATION_LEVEL = 0;
				GCC_PREPROCESSOR_DEFINITIONS = (
					"DEBUG=1",
					"$(inherited)",
				);
				GCC_SYMBOLS_PRIVATE_EXTERN = NO;
				GCC_WARN_64_TO_32_BIT_CONVERSION = YES;
				GCC_WARN_ABOUT_RETURN_TYPE = YES_ERROR;
				GCC_WARN_UNDECLARED_SELECTOR = YES;
				GCC_WARN_UNINITIALIZED_AUTOS = YES;
				GCC_WARN_UNUSED_FUNCTION = YES;
				GCC_WARN_UNUSED_VARIABLE = YES;
				IPHONEOS_DEPLOYMENT_TARGET = 7.0;
				ONLY_ACTIVE_ARCH = YES;
				OTHER_LDFLAGS = "-ObjC";
				SDKROOT = iphoneos;
			};
			name = Debug;
		};
		B7D2AB50191E136F00DC569F /* Release */ = {
			isa = XCBuildConfiguration;
			buildSettings = {
				ALWAYS_SEARCH_USER_PATHS = NO;
				ARCHS = "$(ARCHS_STANDARD_INCLUDING_64_BIT)";
				CLANG_CXX_LANGUAGE_STANDARD = "gnu++0x";
				CLANG_CXX_LIBRARY = "libc++";
				CLANG_ENABLE_MODULES = YES;
				CLANG_ENABLE_OBJC_ARC = YES;
				CLANG_WARN_BOOL_CONVERSION = YES;
				CLANG_WARN_CONSTANT_CONVERSION = YES;
				CLANG_WARN_DIRECT_OBJC_ISA_USAGE = YES_ERROR;
				CLANG_WARN_EMPTY_BODY = YES;
				CLANG_WARN_ENUM_CONVERSION = YES;
				CLANG_WARN_INT_CONVERSION = YES;
				CLANG_WARN_OBJC_ROOT_CLASS = YES_ERROR;
				CLANG_WARN__DUPLICATE_METHOD_MATCH = YES;
				"CODE_SIGN_IDENTITY[sdk=iphoneos*]" = "iPhone Developer";
				COPY_PHASE_STRIP = YES;
				ENABLE_NS_ASSERTIONS = NO;
				GCC_C_LANGUAGE_STANDARD = gnu99;
				GCC_WARN_64_TO_32_BIT_CONVERSION = YES;
				GCC_WARN_ABOUT_RETURN_TYPE = YES_ERROR;
				GCC_WARN_UNDECLARED_SELECTOR = YES;
				GCC_WARN_UNINITIALIZED_AUTOS = YES;
				GCC_WARN_UNUSED_FUNCTION = YES;
				GCC_WARN_UNUSED_VARIABLE = YES;
				IPHONEOS_DEPLOYMENT_TARGET = 7.0;
				OTHER_LDFLAGS = "-ObjC";
				SDKROOT = iphoneos;
				VALIDATE_PRODUCT = YES;
			};
			name = Release;
		};
		B7D2AB52191E136F00DC569F /* Debug */ = {
			isa = XCBuildConfiguration;
			buildSettings = {
				ASSETCATALOG_COMPILER_APPICON_NAME = AppIcon;
				ASSETCATALOG_COMPILER_LAUNCHIMAGE_NAME = LaunchImage;
				GCC_PRECOMPILE_PREFIX_HEADER = YES;
				GCC_PREFIX_HEADER = "i9entregas/i9entregas-Prefix.pch";
				INFOPLIST_FILE = "i9entregas/i9entregas-Info.plist";
				OTHER_LDFLAGS = "-ObjC";
				PRODUCT_NAME = "$(TARGET_NAME)";
				WRAPPER_EXTENSION = app;
			};
			name = Debug;
		};
		B7D2AB53191E136F00DC569F /* Release */ = {
			isa = XCBuildConfiguration;
			buildSettings = {
				ASSETCATALOG_COMPILER_APPICON_NAME = AppIcon;
				ASSETCATALOG_COMPILER_LAUNCHIMAGE_NAME = LaunchImage;
				GCC_PRECOMPILE_PREFIX_HEADER = YES;
				GCC_PREFIX_HEADER = "i9entregas/i9entregas-Prefix.pch";
				INFOPLIST_FILE = "i9entregas/i9entregas-Info.plist";
				OTHER_LDFLAGS = "-ObjC";
				PRODUCT_NAME = "$(TARGET_NAME)";
				WRAPPER_EXTENSION = app;
			};
			name = Release;
		};
		B7D2AB55191E136F00DC569F /* Debug */ = {
			isa = XCBuildConfiguration;
			buildSettings = {
				ARCHS = "$(ARCHS_STANDARD_INCLUDING_64_BIT)";
				BUNDLE_LOADER = "$(BUILT_PRODUCTS_DIR)/i9entregas.app/i9entregas";
				FRAMEWORK_SEARCH_PATHS = (
					"$(SDKROOT)/Developer/Library/Frameworks",
					"$(inherited)",
					"$(DEVELOPER_FRAMEWORKS_DIR)",
				);
				GCC_PRECOMPILE_PREFIX_HEADER = YES;
				GCC_PREFIX_HEADER = "i9entregas/i9entregas-Prefix.pch";
				GCC_PREPROCESSOR_DEFINITIONS = (
					"DEBUG=1",
					"$(inherited)",
				);
				INFOPLIST_FILE = "i9entregasTests/i9entregasTests-Info.plist";
				PRODUCT_NAME = "$(TARGET_NAME)";
				TEST_HOST = "$(BUNDLE_LOADER)";
				WRAPPER_EXTENSION = xctest;
			};
			name = Debug;
		};
		B7D2AB56191E136F00DC569F /* Release */ = {
			isa = XCBuildConfiguration;
			buildSettings = {
				ARCHS = "$(ARCHS_STANDARD_INCLUDING_64_BIT)";
				BUNDLE_LOADER = "$(BUILT_PRODUCTS_DIR)/i9entregas.app/i9entregas";
				FRAMEWORK_SEARCH_PATHS = (
					"$(SDKROOT)/Developer/Library/Frameworks",
					"$(inherited)",
					"$(DEVELOPER_FRAMEWORKS_DIR)",
				);
				GCC_PRECOMPILE_PREFIX_HEADER = YES;
				GCC_PREFIX_HEADER = "i9entregas/i9entregas-Prefix.pch";
				INFOPLIST_FILE = "i9entregasTests/i9entregasTests-Info.plist";
				PRODUCT_NAME = "$(TARGET_NAME)";
				TEST_HOST = "$(BUNDLE_LOADER)";
				WRAPPER_EXTENSION = xctest;
			};
			name = Release;
		};
/* End XCBuildConfiguration section */

/* Begin XCConfigurationList section */
		B7D2AB20191E136F00DC569F /* Build configuration list for PBXProject "i9entregas" */ = {
			isa = XCConfigurationList;
			buildConfigurations = (
				B7D2AB4F191E136F00DC569F /* Debug */,
				B7D2AB50191E136F00DC569F /* Release */,
			);
			defaultConfigurationIsVisible = 0;
			defaultConfigurationName = Release;
		};
		B7D2AB51191E136F00DC569F /* Build configuration list for PBXNativeTarget "i9entregas" */ = {
			isa = XCConfigurationList;
			buildConfigurations = (
				B7D2AB52191E136F00DC569F /* Debug */,
				B7D2AB53191E136F00DC569F /* Release */,
			);
			defaultConfigurationIsVisible = 0;
			defaultConfigurationName = Release;
		};
		B7D2AB54191E136F00DC569F /* Build configuration list for PBXNativeTarget "i9entregasTests" */ = {
			isa = XCConfigurationList;
			buildConfigurations = (
				B7D2AB55191E136F00DC569F /* Debug */,
				B7D2AB56191E136F00DC569F /* Release */,
			);
			defaultConfigurationIsVisible = 0;
			defaultConfigurationName = Release;
		};
/* End XCConfigurationList section */
	};
	rootObject = B7D2AB1D191E136F00DC569F /* Project object */;
}
